// !$*UTF8*$!
{
	archiveVersion = 1;
	classes = {
	};
	objectVersion = 51;
	objects = {

/* Begin PBXBuildFile section */
		8409C13226384C620024311D /* AboutApp.storyboard in Resources */ = {isa = PBXBuildFile; fileRef = 8409C13126384C620024311D /* AboutApp.storyboard */; };
		8409C13626384C850024311D /* AboutAppViewController.swift in Sources */ = {isa = PBXBuildFile; fileRef = 8409C13526384C850024311D /* AboutAppViewController.swift */; };
		840BBAF22624C81500D7F764 /* GoogleService-Info.plist in Resources */ = {isa = PBXBuildFile; fileRef = 840BBAF12624C81500D7F764 /* GoogleService-Info.plist */; };
		8412A1692624EE4F00B4C52C /* ServiceAssembly.swift in Sources */ = {isa = PBXBuildFile; fileRef = 8412A1682624EE4F00B4C52C /* ServiceAssembly.swift */; };
		8412A16D2625B3EC00B4C52C /* ConversationsPersistenceService.swift in Sources */ = {isa = PBXBuildFile; fileRef = 8412A16C2625B3EC00B4C52C /* ConversationsPersistenceService.swift */; };
		8412A1772625C8FA00B4C52C /* CoreAssembly.swift in Sources */ = {isa = PBXBuildFile; fileRef = 8412A1762625C8FA00B4C52C /* CoreAssembly.swift */; };
		8412A17E2625CE4500B4C52C /* IFirestoreService.swift in Sources */ = {isa = PBXBuildFile; fileRef = 8412A17D2625CE4500B4C52C /* IFirestoreService.swift */; };
		8412A1852625D13000B4C52C /* IPersistenceService.swift in Sources */ = {isa = PBXBuildFile; fileRef = 8412A1842625D13000B4C52C /* IPersistenceService.swift */; };
		8418561A2625D422001DE940 /* ConversationPersistenceService.swift in Sources */ = {isa = PBXBuildFile; fileRef = 841856192625D422001DE940 /* ConversationPersistenceService.swift */; };
		841856332627135A001DE940 /* IFileService.swift in Sources */ = {isa = PBXBuildFile; fileRef = 841856322627135A001DE940 /* IFileService.swift */; };
		8418563926271511001DE940 /* IProfileFileService.swift in Sources */ = {isa = PBXBuildFile; fileRef = 8418563826271511001DE940 /* IProfileFileService.swift */; };
		8418563D262734D7001DE940 /* UIWindow+reload.swift in Sources */ = {isa = PBXBuildFile; fileRef = 8418563C262734D7001DE940 /* UIWindow+reload.swift */; };
		842CF321260A1FE80056DA13 /* UIViewController+showInputDialog.swift in Sources */ = {isa = PBXBuildFile; fileRef = 842CF320260A1FE80056DA13 /* UIViewController+showInputDialog.swift */; };
		843E895A260BA8080090F8F2 /* FirestoreService.swift in Sources */ = {isa = PBXBuildFile; fileRef = 843E8959260BA8080090F8F2 /* FirestoreService.swift */; };
		844F91BD2611F4A10047807C /* ChannelModel.swift in Sources */ = {isa = PBXBuildFile; fileRef = 844F91BC2611F4A10047807C /* ChannelModel.swift */; };
		844F91C12611F5650047807C /* ConversationModel.swift in Sources */ = {isa = PBXBuildFile; fileRef = 844F91C02611F5650047807C /* ConversationModel.swift */; };
		844F91C52611FC170047807C /* Chat.xcdatamodeld in Sources */ = {isa = PBXBuildFile; fileRef = 844F91C32611FC170047807C /* Chat.xcdatamodeld */; };
		844F91C8261219D50047807C /* CoreDataStack.swift in Sources */ = {isa = PBXBuildFile; fileRef = 844F91C7261219D50047807C /* CoreDataStack.swift */; };
		844F91CC26122C060047807C /* CoreDataObjectExtensions.swift in Sources */ = {isa = PBXBuildFile; fileRef = 844F91CB26122C060047807C /* CoreDataObjectExtensions.swift */; };
		845A35FA25F1609700D9E3AA /* ThemesViewController.swift in Sources */ = {isa = PBXBuildFile; fileRef = 845A35F925F1609700D9E3AA /* ThemesViewController.swift */; };
		845A35FD25F160E600D9E3AA /* Themes.storyboard in Resources */ = {isa = PBXBuildFile; fileRef = 845A35FC25F160E600D9E3AA /* Themes.storyboard */; };
		845A360225F53F7600D9E3AA /* ThemeService.swift in Sources */ = {isa = PBXBuildFile; fileRef = 845A360125F53F7600D9E3AA /* ThemeService.swift */; };
		845A360525F53FCC00D9E3AA /* ThemeServiceDelegate.swift in Sources */ = {isa = PBXBuildFile; fileRef = 845A360425F53FCC00D9E3AA /* ThemeServiceDelegate.swift */; };
		845A360925F576C500D9E3AA /* ThemeDependentUILabel.swift in Sources */ = {isa = PBXBuildFile; fileRef = 845A360825F576C500D9E3AA /* ThemeDependentUILabel.swift */; };
		845A361725F59E2400D9E3AA /* ThemeDependentUIView.swift in Sources */ = {isa = PBXBuildFile; fileRef = 845A361625F59E2400D9E3AA /* ThemeDependentUIView.swift */; };
		845A361A25F5A2BF00D9E3AA /* ThemeDependentUIButton.swift in Sources */ = {isa = PBXBuildFile; fileRef = 845A361925F5A2BF00D9E3AA /* ThemeDependentUIButton.swift */; };
		845A362225F5F39200D9E3AA /* ThemeProtocol.swift in Sources */ = {isa = PBXBuildFile; fileRef = 845A362125F5F39200D9E3AA /* ThemeProtocol.swift */; };
		845A362625F5F3AA00D9E3AA /* NightTheme.swift in Sources */ = {isa = PBXBuildFile; fileRef = 845A362525F5F3AA00D9E3AA /* NightTheme.swift */; };
		845A362B25F5FBA700D9E3AA /* UIColor+as1ptImage.swift in Sources */ = {isa = PBXBuildFile; fileRef = 845A362A25F5FBA700D9E3AA /* UIColor+as1ptImage.swift */; };
		846C7C81261B3B3D00224E1B /* CoreDataComplianceExtensions.swift in Sources */ = {isa = PBXBuildFile; fileRef = 846C7C80261B3B3D00224E1B /* CoreDataComplianceExtensions.swift */; };
		846C7C84261B3C3900224E1B /* Date+hasPassed.swift in Sources */ = {isa = PBXBuildFile; fileRef = 846C7C83261B3C3900224E1B /* Date+hasPassed.swift */; };
		8477652F26273980008DAD84 /* PresentationAssembly.swift in Sources */ = {isa = PBXBuildFile; fileRef = 8477652E26273980008DAD84 /* PresentationAssembly.swift */; };
		8477653326273A7C008DAD84 /* InitialSetupService.swift in Sources */ = {isa = PBXBuildFile; fileRef = 8477653226273A7C008DAD84 /* InitialSetupService.swift */; };
		8477653726273AE2008DAD84 /* IInitialSetupService.swift in Sources */ = {isa = PBXBuildFile; fileRef = 8477653626273AE2008DAD84 /* IInitialSetupService.swift */; };
		847765702628C1B0008DAD84 /* IChannel.swift in Sources */ = {isa = PBXBuildFile; fileRef = 8477656F2628C1B0008DAD84 /* IChannel.swift */; };
		847765732628C265008DAD84 /* IMessage.swift in Sources */ = {isa = PBXBuildFile; fileRef = 847765722628C265008DAD84 /* IMessage.swift */; };
		847765762628C2B3008DAD84 /* MessageType.swift in Sources */ = {isa = PBXBuildFile; fileRef = 847765752628C2B3008DAD84 /* MessageType.swift */; };
		8477A9F125D6946F005227FC /* AppDelegate.swift in Sources */ = {isa = PBXBuildFile; fileRef = 8477A9F025D6946F005227FC /* AppDelegate.swift */; };
		8477A9F525D6946F005227FC /* ProfileViewController.swift in Sources */ = {isa = PBXBuildFile; fileRef = 8477A9F425D6946F005227FC /* ProfileViewController.swift */; };
		8477A9F825D6946F005227FC /* Profile.storyboard in Resources */ = {isa = PBXBuildFile; fileRef = 8477A9F625D6946F005227FC /* Profile.storyboard */; };
		8477A9FA25D6946F005227FC /* Assets.xcassets in Resources */ = {isa = PBXBuildFile; fileRef = 8477A9F925D6946F005227FC /* Assets.xcassets */; };
		8477A9FD25D6946F005227FC /* LaunchScreen.storyboard in Resources */ = {isa = PBXBuildFile; fileRef = 8477A9FB25D6946F005227FC /* LaunchScreen.storyboard */; };
		848FAA8825FF7B1F0063368E /* UIScrollView+scrollToBottom.swift in Sources */ = {isa = PBXBuildFile; fileRef = 848FAA8725FF7B1F0063368E /* UIScrollView+scrollToBottom.swift */; };
		848FAA8D25FF89070063368E /* ProfileFileService.swift in Sources */ = {isa = PBXBuildFile; fileRef = 848FAA8C25FF89070063368E /* ProfileFileService.swift */; };
		848FAA9425FF97090063368E /* ProfileDataCompletionStatus.swift in Sources */ = {isa = PBXBuildFile; fileRef = 848FAA9325FF97090063368E /* ProfileDataCompletionStatus.swift */; };
		848FAA9825FF97460063368E /* Exception.swift in Sources */ = {isa = PBXBuildFile; fileRef = 848FAA9725FF97460063368E /* Exception.swift */; };
		848FAA9C25FFDF600063368E /* UIViewController+hideKeyboard.swift in Sources */ = {isa = PBXBuildFile; fileRef = 848FAA9B25FFDF5F0063368E /* UIViewController+hideKeyboard.swift */; };
		848FAA9F25FFEE700063368E /* ProfileModelStorable.swift in Sources */ = {isa = PBXBuildFile; fileRef = 848FAA9E25FFEE700063368E /* ProfileModelStorable.swift */; };
		848FAAA226000A860063368E /* UIImage+toString.swift in Sources */ = {isa = PBXBuildFile; fileRef = 848FAAA126000A860063368E /* UIImage+toString.swift */; };
		848FAAA526000AB90063368E /* String+toUIImage.swift in Sources */ = {isa = PBXBuildFile; fileRef = 848FAAA426000AB90063368E /* String+toUIImage.swift */; };
		848FAAA926000FA40063368E /* ProfileModel.swift in Sources */ = {isa = PBXBuildFile; fileRef = 848FAAA826000FA40063368E /* ProfileModel.swift */; };
		84904F60260A5D1000FEE634 /* String+lines.swift in Sources */ = {isa = PBXBuildFile; fileRef = 84904F5F260A5D1000FEE634 /* String+lines.swift */; };
		8495239E262DAF3A00C3E62F /* NetworkTask.swift in Sources */ = {isa = PBXBuildFile; fileRef = 8495239D262DAF3A00C3E62F /* NetworkTask.swift */; };
		849523A4262DB23200C3E62F /* Vcs+make.swift in Sources */ = {isa = PBXBuildFile; fileRef = 849523A3262DB23200C3E62F /* Vcs+make.swift */; };
		849523A8262DB3AD00C3E62F /* ImageSelectionViewController.swift in Sources */ = {isa = PBXBuildFile; fileRef = 849523A7262DB3AD00C3E62F /* ImageSelectionViewController.swift */; };
		849523AB262DB3DB00C3E62F /* ImageSelection.storyboard in Resources */ = {isa = PBXBuildFile; fileRef = 849523AA262DB3DB00C3E62F /* ImageSelection.storyboard */; };
		849BB45E263997EE00DBA1C9 /* TransitionAnimator.swift in Sources */ = {isa = PBXBuildFile; fileRef = 849BB45D263997EE00DBA1C9 /* TransitionAnimator.swift */; };
		849BB4622639981900DBA1C9 /* AboutAppModel.swift in Sources */ = {isa = PBXBuildFile; fileRef = 849BB4612639981900DBA1C9 /* AboutAppModel.swift */; };
		84AE8CD725EBD5150016C53E /* ConversationsList.storyboard in Resources */ = {isa = PBXBuildFile; fileRef = 84AE8CD625EBD5150016C53E /* ConversationsList.storyboard */; };
		84AE8CDA25EBD57B0016C53E /* ConversationsListViewController.swift in Sources */ = {isa = PBXBuildFile; fileRef = 84AE8CD925EBD57B0016C53E /* ConversationsListViewController.swift */; };
		84CE067725EBF0FB005B8664 /* ConversationsListTableViewCell.swift in Sources */ = {isa = PBXBuildFile; fileRef = 84CE067525EBF0FB005B8664 /* ConversationsListTableViewCell.swift */; };
		84CE067825EBF0FB005B8664 /* ConversationsListTableViewCell.xib in Resources */ = {isa = PBXBuildFile; fileRef = 84CE067625EBF0FB005B8664 /* ConversationsListTableViewCell.xib */; };
		84CE067C25ED775C005B8664 /* ConversationViewController.swift in Sources */ = {isa = PBXBuildFile; fileRef = 84CE067B25ED775C005B8664 /* ConversationViewController.swift */; };
		84CE067F25ED77B1005B8664 /* Conversation.storyboard in Resources */ = {isa = PBXBuildFile; fileRef = 84CE067E25ED77B1005B8664 /* Conversation.storyboard */; };
		84CE068425ED78F7005B8664 /* ConversationTableViewCell.swift in Sources */ = {isa = PBXBuildFile; fileRef = 84CE068225ED78F7005B8664 /* ConversationTableViewCell.swift */; };
		84CE068525ED78F7005B8664 /* ConversationTableViewCell.xib in Resources */ = {isa = PBXBuildFile; fileRef = 84CE068325ED78F7005B8664 /* ConversationTableViewCell.xib */; };
		84ED222D2603EE8E00924175 /* WorkItemType.swift in Sources */ = {isa = PBXBuildFile; fileRef = 84ED222C2603EE8E00924175 /* WorkItemType.swift */; };
		84F11C7E25F8DAE900D26CED /* IncomingMessageUIView.swift in Sources */ = {isa = PBXBuildFile; fileRef = 84F11C7D25F8DAE900D26CED /* IncomingMessageUIView.swift */; };
		84F11C8125F8DB1E00D26CED /* OutgoingMessageUIView.swift in Sources */ = {isa = PBXBuildFile; fileRef = 84F11C8025F8DB1E00D26CED /* OutgoingMessageUIView.swift */; };
		84F11C8425F8DF4800D26CED /* LightTheme.swift in Sources */ = {isa = PBXBuildFile; fileRef = 84F11C8325F8DF4800D26CED /* LightTheme.swift */; };
		84F11C8725F8EECC00D26CED /* UIColor+Colors.swift in Sources */ = {isa = PBXBuildFile; fileRef = 84F11C8625F8EECC00D26CED /* UIColor+Colors.swift */; };
		84F11C8A25F92B2E00D26CED /* ClassicTheme.swift in Sources */ = {isa = PBXBuildFile; fileRef = 84F11C8925F92B2E00D26CED /* ClassicTheme.swift */; };
		84F54481262DBCD4007778B5 /* AvatarService.swift in Sources */ = {isa = PBXBuildFile; fileRef = 84F54480262DBCD4007778B5 /* AvatarService.swift */; };
		84F54484262DBCF6007778B5 /* IAvatarService.swift in Sources */ = {isa = PBXBuildFile; fileRef = 84F54483262DBCF6007778B5 /* IAvatarService.swift */; };
		84F54487262DBD4C007778B5 /* INetworkTask.swift in Sources */ = {isa = PBXBuildFile; fileRef = 84F54486262DBD4C007778B5 /* INetworkTask.swift */; };
		84F5448B262DC989007778B5 /* PixabayData.swift in Sources */ = {isa = PBXBuildFile; fileRef = 84F5448A262DC989007778B5 /* PixabayData.swift */; };
		84F5448E262DD748007778B5 /* ImageSelectionModel.swift in Sources */ = {isa = PBXBuildFile; fileRef = 84F5448D262DD748007778B5 /* ImageSelectionModel.swift */; };
		84F54493262DF098007778B5 /* ImageSelectionCollectionViewCell.swift in Sources */ = {isa = PBXBuildFile; fileRef = 84F54491262DF098007778B5 /* ImageSelectionCollectionViewCell.swift */; };
		84F54494262DF098007778B5 /* ImageSelectionCollectionViewCell.xib in Resources */ = {isa = PBXBuildFile; fileRef = 84F54492262DF098007778B5 /* ImageSelectionCollectionViewCell.xib */; };
		84F54498262EE81E007778B5 /* NetworkError.swift in Sources */ = {isa = PBXBuildFile; fileRef = 84F54497262EE81E007778B5 /* NetworkError.swift */; };
		84F5449B262EEF5D007778B5 /* AvatarError.swift in Sources */ = {isa = PBXBuildFile; fileRef = 84F5449A262EEF5D007778B5 /* AvatarError.swift */; };
		84F544A4262EF915007778B5 /* AvatarDelegate.swift in Sources */ = {isa = PBXBuildFile; fileRef = 84F544A3262EF915007778B5 /* AvatarDelegate.swift */; };
		84F544A7262F1691007778B5 /* ThemeDependentUICollectionView.swift in Sources */ = {isa = PBXBuildFile; fileRef = 84F544A6262F1691007778B5 /* ThemeDependentUICollectionView.swift */; };
		A3E403B2F9C8A15AAF7187A0 /* Pods_Messenger.framework in Frameworks */ = {isa = PBXBuildFile; fileRef = FDF968B0BB0718CEB9188EBC /* Pods_Messenger.framework */; };
/* End PBXBuildFile section */

/* Begin PBXFileReference section */
		101A5A6B36AF92A1B10F5FE8 /* Pods-Messenger.release.xcconfig */ = {isa = PBXFileReference; includeInIndex = 1; lastKnownFileType = text.xcconfig; name = "Pods-Messenger.release.xcconfig"; path = "Target Support Files/Pods-Messenger/Pods-Messenger.release.xcconfig"; sourceTree = "<group>"; };
		7B60D476BA4BC2DCF9A4E701 /* Pods-Messenger.debug.xcconfig */ = {isa = PBXFileReference; includeInIndex = 1; lastKnownFileType = text.xcconfig; name = "Pods-Messenger.debug.xcconfig"; path = "Target Support Files/Pods-Messenger/Pods-Messenger.debug.xcconfig"; sourceTree = "<group>"; };
		8409C13126384C620024311D /* AboutApp.storyboard */ = {isa = PBXFileReference; lastKnownFileType = file.storyboard; path = AboutApp.storyboard; sourceTree = "<group>"; };
		8409C13526384C850024311D /* AboutAppViewController.swift */ = {isa = PBXFileReference; lastKnownFileType = sourcecode.swift; path = AboutAppViewController.swift; sourceTree = "<group>"; };
		840BBAF12624C81500D7F764 /* GoogleService-Info.plist */ = {isa = PBXFileReference; fileEncoding = 4; lastKnownFileType = text.plist.xml; path = "GoogleService-Info.plist"; sourceTree = "<group>"; };
		8412A1682624EE4F00B4C52C /* ServiceAssembly.swift */ = {isa = PBXFileReference; lastKnownFileType = sourcecode.swift; path = ServiceAssembly.swift; sourceTree = "<group>"; };
		8412A16C2625B3EC00B4C52C /* ConversationsPersistenceService.swift */ = {isa = PBXFileReference; lastKnownFileType = sourcecode.swift; path = ConversationsPersistenceService.swift; sourceTree = "<group>"; };
		8412A1762625C8FA00B4C52C /* CoreAssembly.swift */ = {isa = PBXFileReference; lastKnownFileType = sourcecode.swift; path = CoreAssembly.swift; sourceTree = "<group>"; };
		8412A17D2625CE4500B4C52C /* IFirestoreService.swift */ = {isa = PBXFileReference; lastKnownFileType = sourcecode.swift; path = IFirestoreService.swift; sourceTree = "<group>"; };
		8412A1842625D13000B4C52C /* IPersistenceService.swift */ = {isa = PBXFileReference; fileEncoding = 4; lastKnownFileType = sourcecode.swift; path = IPersistenceService.swift; sourceTree = "<group>"; };
		841856192625D422001DE940 /* ConversationPersistenceService.swift */ = {isa = PBXFileReference; lastKnownFileType = sourcecode.swift; path = ConversationPersistenceService.swift; sourceTree = "<group>"; };
		841856322627135A001DE940 /* IFileService.swift */ = {isa = PBXFileReference; lastKnownFileType = sourcecode.swift; path = IFileService.swift; sourceTree = "<group>"; };
		8418563826271511001DE940 /* IProfileFileService.swift */ = {isa = PBXFileReference; lastKnownFileType = sourcecode.swift; path = IProfileFileService.swift; sourceTree = "<group>"; };
		8418563C262734D7001DE940 /* UIWindow+reload.swift */ = {isa = PBXFileReference; lastKnownFileType = sourcecode.swift; path = "UIWindow+reload.swift"; sourceTree = "<group>"; };
		842CF320260A1FE80056DA13 /* UIViewController+showInputDialog.swift */ = {isa = PBXFileReference; lastKnownFileType = sourcecode.swift; path = "UIViewController+showInputDialog.swift"; sourceTree = "<group>"; };
		843E8959260BA8080090F8F2 /* FirestoreService.swift */ = {isa = PBXFileReference; lastKnownFileType = sourcecode.swift; path = FirestoreService.swift; sourceTree = "<group>"; };
		844F91BC2611F4A10047807C /* ChannelModel.swift */ = {isa = PBXFileReference; lastKnownFileType = sourcecode.swift; path = ChannelModel.swift; sourceTree = "<group>"; };
		844F91C02611F5650047807C /* ConversationModel.swift */ = {isa = PBXFileReference; lastKnownFileType = sourcecode.swift; path = ConversationModel.swift; sourceTree = "<group>"; };
		844F91C42611FC170047807C /* Chat.xcdatamodel */ = {isa = PBXFileReference; lastKnownFileType = wrapper.xcdatamodel; path = Chat.xcdatamodel; sourceTree = "<group>"; };
		844F91C7261219D50047807C /* CoreDataStack.swift */ = {isa = PBXFileReference; lastKnownFileType = sourcecode.swift; path = CoreDataStack.swift; sourceTree = "<group>"; };
		844F91CB26122C060047807C /* CoreDataObjectExtensions.swift */ = {isa = PBXFileReference; lastKnownFileType = sourcecode.swift; path = CoreDataObjectExtensions.swift; sourceTree = "<group>"; };
		845A35F925F1609700D9E3AA /* ThemesViewController.swift */ = {isa = PBXFileReference; lastKnownFileType = sourcecode.swift; path = ThemesViewController.swift; sourceTree = "<group>"; };
		845A35FC25F160E600D9E3AA /* Themes.storyboard */ = {isa = PBXFileReference; lastKnownFileType = file.storyboard; path = Themes.storyboard; sourceTree = "<group>"; };
		845A360125F53F7600D9E3AA /* ThemeService.swift */ = {isa = PBXFileReference; lastKnownFileType = sourcecode.swift; path = ThemeService.swift; sourceTree = "<group>"; };
		845A360425F53FCC00D9E3AA /* ThemeServiceDelegate.swift */ = {isa = PBXFileReference; lastKnownFileType = sourcecode.swift; path = ThemeServiceDelegate.swift; sourceTree = "<group>"; };
		845A360825F576C500D9E3AA /* ThemeDependentUILabel.swift */ = {isa = PBXFileReference; lastKnownFileType = sourcecode.swift; path = ThemeDependentUILabel.swift; sourceTree = "<group>"; };
		845A361625F59E2400D9E3AA /* ThemeDependentUIView.swift */ = {isa = PBXFileReference; lastKnownFileType = sourcecode.swift; path = ThemeDependentUIView.swift; sourceTree = "<group>"; };
		845A361925F5A2BF00D9E3AA /* ThemeDependentUIButton.swift */ = {isa = PBXFileReference; lastKnownFileType = sourcecode.swift; path = ThemeDependentUIButton.swift; sourceTree = "<group>"; };
		845A362125F5F39200D9E3AA /* ThemeProtocol.swift */ = {isa = PBXFileReference; lastKnownFileType = sourcecode.swift; path = ThemeProtocol.swift; sourceTree = "<group>"; };
		845A362525F5F3AA00D9E3AA /* NightTheme.swift */ = {isa = PBXFileReference; lastKnownFileType = sourcecode.swift; path = NightTheme.swift; sourceTree = "<group>"; };
		845A362A25F5FBA700D9E3AA /* UIColor+as1ptImage.swift */ = {isa = PBXFileReference; lastKnownFileType = sourcecode.swift; path = "UIColor+as1ptImage.swift"; sourceTree = "<group>"; };
		846C7C80261B3B3D00224E1B /* CoreDataComplianceExtensions.swift */ = {isa = PBXFileReference; lastKnownFileType = sourcecode.swift; path = CoreDataComplianceExtensions.swift; sourceTree = "<group>"; };
		846C7C83261B3C3900224E1B /* Date+hasPassed.swift */ = {isa = PBXFileReference; lastKnownFileType = sourcecode.swift; path = "Date+hasPassed.swift"; sourceTree = "<group>"; };
		8477652E26273980008DAD84 /* PresentationAssembly.swift */ = {isa = PBXFileReference; lastKnownFileType = sourcecode.swift; path = PresentationAssembly.swift; sourceTree = "<group>"; };
		8477653226273A7C008DAD84 /* InitialSetupService.swift */ = {isa = PBXFileReference; lastKnownFileType = sourcecode.swift; path = InitialSetupService.swift; sourceTree = "<group>"; };
		8477653626273AE2008DAD84 /* IInitialSetupService.swift */ = {isa = PBXFileReference; lastKnownFileType = sourcecode.swift; path = IInitialSetupService.swift; sourceTree = "<group>"; };
		8477656F2628C1B0008DAD84 /* IChannel.swift */ = {isa = PBXFileReference; lastKnownFileType = sourcecode.swift; path = IChannel.swift; sourceTree = "<group>"; };
		847765722628C265008DAD84 /* IMessage.swift */ = {isa = PBXFileReference; lastKnownFileType = sourcecode.swift; path = IMessage.swift; sourceTree = "<group>"; };
		847765752628C2B3008DAD84 /* MessageType.swift */ = {isa = PBXFileReference; lastKnownFileType = sourcecode.swift; path = MessageType.swift; sourceTree = "<group>"; };
		8477A9ED25D6946F005227FC /* Messenger.app */ = {isa = PBXFileReference; explicitFileType = wrapper.application; includeInIndex = 0; path = Messenger.app; sourceTree = BUILT_PRODUCTS_DIR; };
		8477A9F025D6946F005227FC /* AppDelegate.swift */ = {isa = PBXFileReference; lastKnownFileType = sourcecode.swift; path = AppDelegate.swift; sourceTree = "<group>"; };
		8477A9F425D6946F005227FC /* ProfileViewController.swift */ = {isa = PBXFileReference; lastKnownFileType = sourcecode.swift; path = ProfileViewController.swift; sourceTree = "<group>"; };
		8477A9F725D6946F005227FC /* Base */ = {isa = PBXFileReference; lastKnownFileType = file.storyboard; name = Base; path = Base.lproj/Profile.storyboard; sourceTree = "<group>"; };
		8477A9F925D6946F005227FC /* Assets.xcassets */ = {isa = PBXFileReference; lastKnownFileType = folder.assetcatalog; path = Assets.xcassets; sourceTree = "<group>"; };
		8477A9FC25D6946F005227FC /* Base */ = {isa = PBXFileReference; lastKnownFileType = file.storyboard; name = Base; path = Base.lproj/LaunchScreen.storyboard; sourceTree = "<group>"; };
		8477A9FE25D6946F005227FC /* Info.plist */ = {isa = PBXFileReference; lastKnownFileType = text.plist.xml; path = Info.plist; sourceTree = "<group>"; };
		848FAA8725FF7B1F0063368E /* UIScrollView+scrollToBottom.swift */ = {isa = PBXFileReference; lastKnownFileType = sourcecode.swift; path = "UIScrollView+scrollToBottom.swift"; sourceTree = "<group>"; };
		848FAA8C25FF89070063368E /* ProfileFileService.swift */ = {isa = PBXFileReference; lastKnownFileType = sourcecode.swift; path = ProfileFileService.swift; sourceTree = "<group>"; };
		848FAA9325FF97090063368E /* ProfileDataCompletionStatus.swift */ = {isa = PBXFileReference; lastKnownFileType = sourcecode.swift; path = ProfileDataCompletionStatus.swift; sourceTree = "<group>"; };
		848FAA9725FF97460063368E /* Exception.swift */ = {isa = PBXFileReference; lastKnownFileType = sourcecode.swift; path = Exception.swift; sourceTree = "<group>"; };
		848FAA9B25FFDF5F0063368E /* UIViewController+hideKeyboard.swift */ = {isa = PBXFileReference; lastKnownFileType = sourcecode.swift; path = "UIViewController+hideKeyboard.swift"; sourceTree = "<group>"; };
		848FAA9E25FFEE700063368E /* ProfileModelStorable.swift */ = {isa = PBXFileReference; lastKnownFileType = sourcecode.swift; path = ProfileModelStorable.swift; sourceTree = "<group>"; };
		848FAAA126000A860063368E /* UIImage+toString.swift */ = {isa = PBXFileReference; lastKnownFileType = sourcecode.swift; path = "UIImage+toString.swift"; sourceTree = "<group>"; };
		848FAAA426000AB90063368E /* String+toUIImage.swift */ = {isa = PBXFileReference; lastKnownFileType = sourcecode.swift; path = "String+toUIImage.swift"; sourceTree = "<group>"; };
		848FAAA826000FA40063368E /* ProfileModel.swift */ = {isa = PBXFileReference; lastKnownFileType = sourcecode.swift; path = ProfileModel.swift; sourceTree = "<group>"; };
		84904F5F260A5D1000FEE634 /* String+lines.swift */ = {isa = PBXFileReference; lastKnownFileType = sourcecode.swift; path = "String+lines.swift"; sourceTree = "<group>"; };
		8495239D262DAF3A00C3E62F /* NetworkTask.swift */ = {isa = PBXFileReference; lastKnownFileType = sourcecode.swift; path = NetworkTask.swift; sourceTree = "<group>"; };
		849523A3262DB23200C3E62F /* Vcs+make.swift */ = {isa = PBXFileReference; lastKnownFileType = sourcecode.swift; path = "Vcs+make.swift"; sourceTree = "<group>"; };
		849523A7262DB3AD00C3E62F /* ImageSelectionViewController.swift */ = {isa = PBXFileReference; lastKnownFileType = sourcecode.swift; path = ImageSelectionViewController.swift; sourceTree = "<group>"; };
		849523AA262DB3DB00C3E62F /* ImageSelection.storyboard */ = {isa = PBXFileReference; lastKnownFileType = file.storyboard; path = ImageSelection.storyboard; sourceTree = "<group>"; };
		849BB45D263997EE00DBA1C9 /* TransitionAnimator.swift */ = {isa = PBXFileReference; lastKnownFileType = sourcecode.swift; path = TransitionAnimator.swift; sourceTree = "<group>"; };
		849BB4612639981900DBA1C9 /* AboutAppModel.swift */ = {isa = PBXFileReference; lastKnownFileType = sourcecode.swift; path = AboutAppModel.swift; sourceTree = "<group>"; };
		84AE8CD625EBD5150016C53E /* ConversationsList.storyboard */ = {isa = PBXFileReference; lastKnownFileType = file.storyboard; path = ConversationsList.storyboard; sourceTree = "<group>"; };
		84AE8CD925EBD57B0016C53E /* ConversationsListViewController.swift */ = {isa = PBXFileReference; lastKnownFileType = sourcecode.swift; path = ConversationsListViewController.swift; sourceTree = "<group>"; };
		84CE067525EBF0FB005B8664 /* ConversationsListTableViewCell.swift */ = {isa = PBXFileReference; lastKnownFileType = sourcecode.swift; path = ConversationsListTableViewCell.swift; sourceTree = "<group>"; };
		84CE067625EBF0FB005B8664 /* ConversationsListTableViewCell.xib */ = {isa = PBXFileReference; lastKnownFileType = file.xib; path = ConversationsListTableViewCell.xib; sourceTree = "<group>"; };
		84CE067B25ED775C005B8664 /* ConversationViewController.swift */ = {isa = PBXFileReference; lastKnownFileType = sourcecode.swift; path = ConversationViewController.swift; sourceTree = "<group>"; };
		84CE067E25ED77B1005B8664 /* Conversation.storyboard */ = {isa = PBXFileReference; lastKnownFileType = file.storyboard; path = Conversation.storyboard; sourceTree = "<group>"; };
		84CE068225ED78F7005B8664 /* ConversationTableViewCell.swift */ = {isa = PBXFileReference; lastKnownFileType = sourcecode.swift; path = ConversationTableViewCell.swift; sourceTree = "<group>"; };
		84CE068325ED78F7005B8664 /* ConversationTableViewCell.xib */ = {isa = PBXFileReference; lastKnownFileType = file.xib; path = ConversationTableViewCell.xib; sourceTree = "<group>"; };
		84ED222C2603EE8E00924175 /* WorkItemType.swift */ = {isa = PBXFileReference; lastKnownFileType = sourcecode.swift; path = WorkItemType.swift; sourceTree = "<group>"; };
		84F11C7D25F8DAE900D26CED /* IncomingMessageUIView.swift */ = {isa = PBXFileReference; lastKnownFileType = sourcecode.swift; path = IncomingMessageUIView.swift; sourceTree = "<group>"; };
		84F11C8025F8DB1E00D26CED /* OutgoingMessageUIView.swift */ = {isa = PBXFileReference; lastKnownFileType = sourcecode.swift; path = OutgoingMessageUIView.swift; sourceTree = "<group>"; };
		84F11C8325F8DF4800D26CED /* LightTheme.swift */ = {isa = PBXFileReference; lastKnownFileType = sourcecode.swift; path = LightTheme.swift; sourceTree = "<group>"; };
		84F11C8625F8EECC00D26CED /* UIColor+Colors.swift */ = {isa = PBXFileReference; lastKnownFileType = sourcecode.swift; path = "UIColor+Colors.swift"; sourceTree = "<group>"; };
		84F11C8925F92B2E00D26CED /* ClassicTheme.swift */ = {isa = PBXFileReference; lastKnownFileType = sourcecode.swift; path = ClassicTheme.swift; sourceTree = "<group>"; };
		84F54480262DBCD4007778B5 /* AvatarService.swift */ = {isa = PBXFileReference; lastKnownFileType = sourcecode.swift; path = AvatarService.swift; sourceTree = "<group>"; };
		84F54483262DBCF6007778B5 /* IAvatarService.swift */ = {isa = PBXFileReference; lastKnownFileType = sourcecode.swift; path = IAvatarService.swift; sourceTree = "<group>"; };
		84F54486262DBD4C007778B5 /* INetworkTask.swift */ = {isa = PBXFileReference; lastKnownFileType = sourcecode.swift; path = INetworkTask.swift; sourceTree = "<group>"; };
		84F5448A262DC989007778B5 /* PixabayData.swift */ = {isa = PBXFileReference; lastKnownFileType = sourcecode.swift; path = PixabayData.swift; sourceTree = "<group>"; };
		84F5448D262DD748007778B5 /* ImageSelectionModel.swift */ = {isa = PBXFileReference; lastKnownFileType = sourcecode.swift; path = ImageSelectionModel.swift; sourceTree = "<group>"; };
		84F54491262DF098007778B5 /* ImageSelectionCollectionViewCell.swift */ = {isa = PBXFileReference; lastKnownFileType = sourcecode.swift; path = ImageSelectionCollectionViewCell.swift; sourceTree = "<group>"; };
		84F54492262DF098007778B5 /* ImageSelectionCollectionViewCell.xib */ = {isa = PBXFileReference; lastKnownFileType = file.xib; path = ImageSelectionCollectionViewCell.xib; sourceTree = "<group>"; };
		84F54497262EE81E007778B5 /* NetworkError.swift */ = {isa = PBXFileReference; lastKnownFileType = sourcecode.swift; path = NetworkError.swift; sourceTree = "<group>"; };
		84F5449A262EEF5D007778B5 /* AvatarError.swift */ = {isa = PBXFileReference; lastKnownFileType = sourcecode.swift; path = AvatarError.swift; sourceTree = "<group>"; };
		84F544A3262EF915007778B5 /* AvatarDelegate.swift */ = {isa = PBXFileReference; lastKnownFileType = sourcecode.swift; path = AvatarDelegate.swift; sourceTree = "<group>"; };
		84F544A6262F1691007778B5 /* ThemeDependentUICollectionView.swift */ = {isa = PBXFileReference; lastKnownFileType = sourcecode.swift; path = ThemeDependentUICollectionView.swift; sourceTree = "<group>"; };
		FDF968B0BB0718CEB9188EBC /* Pods_Messenger.framework */ = {isa = PBXFileReference; explicitFileType = wrapper.framework; includeInIndex = 0; path = Pods_Messenger.framework; sourceTree = BUILT_PRODUCTS_DIR; };
/* End PBXFileReference section */

/* Begin PBXFrameworksBuildPhase section */
		8477A9EA25D6946F005227FC /* Frameworks */ = {
			isa = PBXFrameworksBuildPhase;
			buildActionMask = 2147483647;
			files = (
				A3E403B2F9C8A15AAF7187A0 /* Pods_Messenger.framework in Frameworks */,
			);
			runOnlyForDeploymentPostprocessing = 0;
		};
/* End PBXFrameworksBuildPhase section */

/* Begin PBXGroup section */
		275F4F49DAF1B8A6D6772D02 /* Frameworks */ = {
			isa = PBXGroup;
			children = (
				FDF968B0BB0718CEB9188EBC /* Pods_Messenger.framework */,
			);
			name = Frameworks;
			sourceTree = "<group>";
		};
		721747BD57F62664C336849A /* Pods */ = {
			isa = PBXGroup;
			children = (
				7B60D476BA4BC2DCF9A4E701 /* Pods-Messenger.debug.xcconfig */,
				101A5A6B36AF92A1B10F5FE8 /* Pods-Messenger.release.xcconfig */,
			);
			path = Pods;
			sourceTree = "<group>";
		};
		8409C13026384C1E0024311D /* Onboarding */ = {
			isa = PBXGroup;
			children = (
				8409C13126384C620024311D /* AboutApp.storyboard */,
			);
			path = Onboarding;
			sourceTree = "<group>";
		};
		8409C13426384C700024311D /* Onboarding */ = {
			isa = PBXGroup;
			children = (
				8409C13526384C850024311D /* AboutAppViewController.swift */,
			);
			path = Onboarding;
			sourceTree = "<group>";
		};
		840BBAF42624C81E00D7F764 /* Presentation */ = {
			isa = PBXGroup;
			children = (
				849BB45C263997DB00DBA1C9 /* Transition */,
				845A362025F5F37A00D9E3AA /* Theme */,
				845A360725F5766200D9E3AA /* Control */,
				84CE067425EBF09F005B8664 /* CustomCell */,
				84AE8CDE25EBDCAD0016C53E /* Storyboard */,
				844F91BB2611F3F10047807C /* Model */,
				84AE8CDD25EBDC960016C53E /* ViewController */,
				8477652E26273980008DAD84 /* PresentationAssembly.swift */,
			);
			path = Presentation;
			sourceTree = "<group>";
		};
		840BBAF52624C87300D7F764 /* Service */ = {
			isa = PBXGroup;
			children = (
				84F5447F262DBCC6007778B5 /* Avatar */,
				8477653126273A69008DAD84 /* InitialSetup */,
				845A360025F53F4100D9E3AA /* Theme */,
				8412A16B2625B3D900B4C52C /* Persistence */,
				848FAA8B25FF88BA0063368E /* File */,
				843E8958260BA7F30090F8F2 /* Firestore */,
				8412A1682624EE4F00B4C52C /* ServiceAssembly.swift */,
			);
			path = Service;
			sourceTree = "<group>";
		};
		8412A16B2625B3D900B4C52C /* Persistence */ = {
			isa = PBXGroup;
			children = (
				841856192625D422001DE940 /* ConversationPersistenceService.swift */,
				8412A16C2625B3EC00B4C52C /* ConversationsPersistenceService.swift */,
				8412A1842625D13000B4C52C /* IPersistenceService.swift */,
			);
			path = Persistence;
			sourceTree = "<group>";
		};
		8412A1742625C61600B4C52C /* Core */ = {
			isa = PBXGroup;
			children = (
				8495239C262DADC100C3E62F /* Network */,
				844F91B72611F31B0047807C /* CoreData */,
				8412A1762625C8FA00B4C52C /* CoreAssembly.swift */,
			);
			path = Core;
			sourceTree = "<group>";
		};
		843E8958260BA7F30090F8F2 /* Firestore */ = {
			isa = PBXGroup;
			children = (
				843E8959260BA8080090F8F2 /* FirestoreService.swift */,
				8412A17D2625CE4500B4C52C /* IFirestoreService.swift */,
			);
			path = Firestore;
			sourceTree = "<group>";
		};
		844F91B72611F31B0047807C /* CoreData */ = {
			isa = PBXGroup;
			children = (
				844F91C7261219D50047807C /* CoreDataStack.swift */,
				844F91C32611FC170047807C /* Chat.xcdatamodeld */,
			);
			path = CoreData;
			sourceTree = "<group>";
		};
		844F91BB2611F3F10047807C /* Model */ = {
			isa = PBXGroup;
			children = (
				848FAA9E25FFEE700063368E /* ProfileModelStorable.swift */,
				848FAAA826000FA40063368E /* ProfileModel.swift */,
				844F91BC2611F4A10047807C /* ChannelModel.swift */,
				844F91C02611F5650047807C /* ConversationModel.swift */,
				84F5448D262DD748007778B5 /* ImageSelectionModel.swift */,
				849BB4612639981900DBA1C9 /* AboutAppModel.swift */,
				8477656F2628C1B0008DAD84 /* IChannel.swift */,
				847765722628C265008DAD84 /* IMessage.swift */,
			);
			path = Model;
			sourceTree = "<group>";
		};
		844F91CE26122E270047807C /* CoreData */ = {
			isa = PBXGroup;
			children = (
				844F91CB26122C060047807C /* CoreDataObjectExtensions.swift */,
				846C7C80261B3B3D00224E1B /* CoreDataComplianceExtensions.swift */,
			);
			path = CoreData;
			sourceTree = "<group>";
		};
		844F91CF26122E400047807C /* UI */ = {
			isa = PBXGroup;
			children = (
				842CF320260A1FE80056DA13 /* UIViewController+showInputDialog.swift */,
				848FAAA126000A860063368E /* UIImage+toString.swift */,
				848FAA9B25FFDF5F0063368E /* UIViewController+hideKeyboard.swift */,
				848FAA8725FF7B1F0063368E /* UIScrollView+scrollToBottom.swift */,
				84F11C8625F8EECC00D26CED /* UIColor+Colors.swift */,
				845A362A25F5FBA700D9E3AA /* UIColor+as1ptImage.swift */,
				8418563C262734D7001DE940 /* UIWindow+reload.swift */,
			);
			path = UI;
			sourceTree = "<group>";
		};
		844F91D026122E5E0047807C /* Type */ = {
			isa = PBXGroup;
			children = (
				84904F5F260A5D1000FEE634 /* String+lines.swift */,
				848FAAA426000AB90063368E /* String+toUIImage.swift */,
				846C7C83261B3C3900224E1B /* Date+hasPassed.swift */,
			);
			path = Type;
			sourceTree = "<group>";
		};
		845A360025F53F4100D9E3AA /* Theme */ = {
			isa = PBXGroup;
			children = (
				845A360125F53F7600D9E3AA /* ThemeService.swift */,
				845A360425F53FCC00D9E3AA /* ThemeServiceDelegate.swift */,
			);
			path = Theme;
			sourceTree = "<group>";
		};
		845A360725F5766200D9E3AA /* Control */ = {
			isa = PBXGroup;
			children = (
				845A360825F576C500D9E3AA /* ThemeDependentUILabel.swift */,
				845A361625F59E2400D9E3AA /* ThemeDependentUIView.swift */,
				845A361925F5A2BF00D9E3AA /* ThemeDependentUIButton.swift */,
				84F11C7D25F8DAE900D26CED /* IncomingMessageUIView.swift */,
				84F11C8025F8DB1E00D26CED /* OutgoingMessageUIView.swift */,
				84F544A6262F1691007778B5 /* ThemeDependentUICollectionView.swift */,
			);
			path = Control;
			sourceTree = "<group>";
		};
		845A362025F5F37A00D9E3AA /* Theme */ = {
			isa = PBXGroup;
			children = (
				845A362525F5F3AA00D9E3AA /* NightTheme.swift */,
				84F11C8325F8DF4800D26CED /* LightTheme.swift */,
				84F11C8925F92B2E00D26CED /* ClassicTheme.swift */,
				845A362125F5F39200D9E3AA /* ThemeProtocol.swift */,
			);
			path = Theme;
			sourceTree = "<group>";
		};
		845A362925F5FB8C00D9E3AA /* Extension */ = {
			isa = PBXGroup;
			children = (
				849523A2262DB22000C3E62F /* DI */,
				844F91D026122E5E0047807C /* Type */,
				844F91CF26122E400047807C /* UI */,
				844F91CE26122E270047807C /* CoreData */,
			);
			path = Extension;
			sourceTree = "<group>";
		};
		8477652B262738BA008DAD84 /* Resources */ = {
			isa = PBXGroup;
			children = (
				840BBAF12624C81500D7F764 /* GoogleService-Info.plist */,
			);
			path = Resources;
			sourceTree = "<group>";
		};
		8477653126273A69008DAD84 /* InitialSetup */ = {
			isa = PBXGroup;
			children = (
				8477653226273A7C008DAD84 /* InitialSetupService.swift */,
				8477653626273AE2008DAD84 /* IInitialSetupService.swift */,
			);
			path = InitialSetup;
			sourceTree = "<group>";
		};
		8477A9E425D6946E005227FC = {
			isa = PBXGroup;
			children = (
				8477652B262738BA008DAD84 /* Resources */,
				8477A9EF25D6946F005227FC /* Messenger */,
				8477A9EE25D6946F005227FC /* Products */,
				721747BD57F62664C336849A /* Pods */,
				275F4F49DAF1B8A6D6772D02 /* Frameworks */,
			);
			sourceTree = "<group>";
		};
		8477A9EE25D6946F005227FC /* Products */ = {
			isa = PBXGroup;
			children = (
				8477A9ED25D6946F005227FC /* Messenger.app */,
			);
			name = Products;
			sourceTree = "<group>";
		};
		8477A9EF25D6946F005227FC /* Messenger */ = {
			isa = PBXGroup;
			children = (
				8412A1742625C61600B4C52C /* Core */,
				840BBAF52624C87300D7F764 /* Service */,
				840BBAF42624C81E00D7F764 /* Presentation */,
				848FAA9225FF96E70063368E /* Type */,
				845A362925F5FB8C00D9E3AA /* Extension */,
				84F54496262EE806007778B5 /* Error */,
				8477A9F025D6946F005227FC /* AppDelegate.swift */,
				8477A9F925D6946F005227FC /* Assets.xcassets */,
				8477A9FE25D6946F005227FC /* Info.plist */,
			);
			path = Messenger;
			sourceTree = "<group>";
		};
		848FAA8B25FF88BA0063368E /* File */ = {
			isa = PBXGroup;
			children = (
				848FAA8C25FF89070063368E /* ProfileFileService.swift */,
				8418563826271511001DE940 /* IProfileFileService.swift */,
				841856322627135A001DE940 /* IFileService.swift */,
			);
			path = File;
			sourceTree = "<group>";
		};
		848FAA9225FF96E70063368E /* Type */ = {
			isa = PBXGroup;
			children = (
				84F544A1262EF696007778B5 /* GCD */,
				84F544A0262EF68B007778B5 /* Message */,
				84F5449F262EF67A007778B5 /* Profile */,
				84F54489262DC963007778B5 /* API */,
			);
			path = Type;
			sourceTree = "<group>";
		};
		8495239C262DADC100C3E62F /* Network */ = {
			isa = PBXGroup;
			children = (
				8495239D262DAF3A00C3E62F /* NetworkTask.swift */,
				84F54486262DBD4C007778B5 /* INetworkTask.swift */,
			);
			path = Network;
			sourceTree = "<group>";
		};
		849523A2262DB22000C3E62F /* DI */ = {
			isa = PBXGroup;
			children = (
				849523A3262DB23200C3E62F /* Vcs+make.swift */,
			);
			path = DI;
			sourceTree = "<group>";
		};
		849BB45C263997DB00DBA1C9 /* Transition */ = {
			isa = PBXGroup;
			children = (
				849BB45D263997EE00DBA1C9 /* TransitionAnimator.swift */,
			);
			path = Transition;
			sourceTree = "<group>";
		};
		84AE8CDD25EBDC960016C53E /* ViewController */ = {
			isa = PBXGroup;
			children = (
				8409C13426384C700024311D /* Onboarding */,
				845A35F925F1609700D9E3AA /* ThemesViewController.swift */,
				84CE067B25ED775C005B8664 /* ConversationViewController.swift */,
				84AE8CD925EBD57B0016C53E /* ConversationsListViewController.swift */,
				8477A9F425D6946F005227FC /* ProfileViewController.swift */,
				849523A7262DB3AD00C3E62F /* ImageSelectionViewController.swift */,
			);
			path = ViewController;
			sourceTree = "<group>";
		};
		84AE8CDE25EBDCAD0016C53E /* Storyboard */ = {
			isa = PBXGroup;
			children = (
				8409C13026384C1E0024311D /* Onboarding */,
				845A35FC25F160E600D9E3AA /* Themes.storyboard */,
				84CE067E25ED77B1005B8664 /* Conversation.storyboard */,
				84AE8CD625EBD5150016C53E /* ConversationsList.storyboard */,
				8477A9F625D6946F005227FC /* Profile.storyboard */,
				8477A9FB25D6946F005227FC /* LaunchScreen.storyboard */,
				849523AA262DB3DB00C3E62F /* ImageSelection.storyboard */,
			);
			path = Storyboard;
			sourceTree = "<group>";
		};
		84CE067425EBF09F005B8664 /* CustomCell */ = {
			isa = PBXGroup;
			children = (
				84CE067525EBF0FB005B8664 /* ConversationsListTableViewCell.swift */,
				84CE067625EBF0FB005B8664 /* ConversationsListTableViewCell.xib */,
				84CE068225ED78F7005B8664 /* ConversationTableViewCell.swift */,
				84CE068325ED78F7005B8664 /* ConversationTableViewCell.xib */,
				84F54491262DF098007778B5 /* ImageSelectionCollectionViewCell.swift */,
				84F54492262DF098007778B5 /* ImageSelectionCollectionViewCell.xib */,
			);
			path = CustomCell;
			sourceTree = "<group>";
		};
		84F5447F262DBCC6007778B5 /* Avatar */ = {
			isa = PBXGroup;
			children = (
				84F54480262DBCD4007778B5 /* AvatarService.swift */,
				84F54483262DBCF6007778B5 /* IAvatarService.swift */,
				84F544A3262EF915007778B5 /* AvatarDelegate.swift */,
			);
			path = Avatar;
			sourceTree = "<group>";
		};
		84F54489262DC963007778B5 /* API */ = {
			isa = PBXGroup;
			children = (
				84F5448A262DC989007778B5 /* PixabayData.swift */,
			);
			path = API;
			sourceTree = "<group>";
		};
		84F54496262EE806007778B5 /* Error */ = {
			isa = PBXGroup;
			children = (
				84F54497262EE81E007778B5 /* NetworkError.swift */,
				84F5449A262EEF5D007778B5 /* AvatarError.swift */,
			);
			path = Error;
			sourceTree = "<group>";
		};
		84F5449F262EF67A007778B5 /* Profile */ = {
			isa = PBXGroup;
			children = (
				848FAA9725FF97460063368E /* Exception.swift */,
				848FAA9325FF97090063368E /* ProfileDataCompletionStatus.swift */,
			);
			path = Profile;
			sourceTree = "<group>";
		};
		84F544A0262EF68B007778B5 /* Message */ = {
			isa = PBXGroup;
			children = (
				847765752628C2B3008DAD84 /* MessageType.swift */,
			);
			path = Message;
			sourceTree = "<group>";
		};
		84F544A1262EF696007778B5 /* GCD */ = {
			isa = PBXGroup;
			children = (
				84ED222C2603EE8E00924175 /* WorkItemType.swift */,
			);
			path = GCD;
			sourceTree = "<group>";
		};
/* End PBXGroup section */

/* Begin PBXNativeTarget section */
		8477A9EC25D6946F005227FC /* Messenger */ = {
			isa = PBXNativeTarget;
			buildConfigurationList = 8477AA0125D6946F005227FC /* Build configuration list for PBXNativeTarget "Messenger" */;
			buildPhases = (
				1A7F75B30BAA4921DB5733A7 /* [CP] Check Pods Manifest.lock */,
				8477A9E925D6946F005227FC /* Sources */,
				8477A9EA25D6946F005227FC /* Frameworks */,
				8477A9EB25D6946F005227FC /* Resources */,
				843E8937260AA0DE0090F8F2 /* ShellScript */,
				D126F1807751E72E791F6070 /* [CP] Embed Pods Frameworks */,
			);
			buildRules = (
			);
			dependencies = (
			);
			name = Messenger;
			productName = Messenger;
			productReference = 8477A9ED25D6946F005227FC /* Messenger.app */;
			productType = "com.apple.product-type.application";
		};
/* End PBXNativeTarget section */

/* Begin PBXProject section */
		8477A9E525D6946E005227FC /* Project object */ = {
			isa = PBXProject;
			attributes = {
				LastSwiftUpdateCheck = 1240;
				LastUpgradeCheck = 1240;
				TargetAttributes = {
					8477A9EC25D6946F005227FC = {
						CreatedOnToolsVersion = 12.4;
					};
				};
			};
			buildConfigurationList = 8477A9E825D6946F005227FC /* Build configuration list for PBXProject "Messenger" */;
			compatibilityVersion = "Xcode 9.3";
			developmentRegion = en;
			hasScannedForEncodings = 0;
			knownRegions = (
				en,
				Base,
			);
			mainGroup = 8477A9E425D6946E005227FC;
			productRefGroup = 8477A9EE25D6946F005227FC /* Products */;
			projectDirPath = "";
			projectRoot = "";
			targets = (
				8477A9EC25D6946F005227FC /* Messenger */,
			);
		};
/* End PBXProject section */

/* Begin PBXResourcesBuildPhase section */
		8477A9EB25D6946F005227FC /* Resources */ = {
			isa = PBXResourcesBuildPhase;
			buildActionMask = 2147483647;
			files = (
				8477A9FD25D6946F005227FC /* LaunchScreen.storyboard in Resources */,
				84AE8CD725EBD5150016C53E /* ConversationsList.storyboard in Resources */,
				840BBAF22624C81500D7F764 /* GoogleService-Info.plist in Resources */,
				84CE068525ED78F7005B8664 /* ConversationTableViewCell.xib in Resources */,
				8477A9FA25D6946F005227FC /* Assets.xcassets in Resources */,
				84CE067F25ED77B1005B8664 /* Conversation.storyboard in Resources */,
				84F54494262DF098007778B5 /* ImageSelectionCollectionViewCell.xib in Resources */,
				84CE067825EBF0FB005B8664 /* ConversationsListTableViewCell.xib in Resources */,
				849523AB262DB3DB00C3E62F /* ImageSelection.storyboard in Resources */,
				845A35FD25F160E600D9E3AA /* Themes.storyboard in Resources */,
				8409C13226384C620024311D /* AboutApp.storyboard in Resources */,
				8477A9F825D6946F005227FC /* Profile.storyboard in Resources */,
			);
			runOnlyForDeploymentPostprocessing = 0;
		};
/* End PBXResourcesBuildPhase section */

/* Begin PBXShellScriptBuildPhase section */
		1A7F75B30BAA4921DB5733A7 /* [CP] Check Pods Manifest.lock */ = {
			isa = PBXShellScriptBuildPhase;
			buildActionMask = 2147483647;
			files = (
			);
			inputFileListPaths = (
			);
			inputPaths = (
				"${PODS_PODFILE_DIR_PATH}/Podfile.lock",
				"${PODS_ROOT}/Manifest.lock",
			);
			name = "[CP] Check Pods Manifest.lock";
			outputFileListPaths = (
			);
			outputPaths = (
				"$(DERIVED_FILE_DIR)/Pods-Messenger-checkManifestLockResult.txt",
			);
			runOnlyForDeploymentPostprocessing = 0;
			shellPath = /bin/sh;
			shellScript = "diff \"${PODS_PODFILE_DIR_PATH}/Podfile.lock\" \"${PODS_ROOT}/Manifest.lock\" > /dev/null\nif [ $? != 0 ] ; then\n    # print error to STDERR\n    echo \"error: The sandbox is not in sync with the Podfile.lock. Run 'pod install' or update your CocoaPods installation.\" >&2\n    exit 1\nfi\n# This output is used by Xcode 'outputs' to avoid re-running this script phase.\necho \"SUCCESS\" > \"${SCRIPT_OUTPUT_FILE_0}\"\n";
			showEnvVarsInLog = 0;
		};
		843E8937260AA0DE0090F8F2 /* ShellScript */ = {
			isa = PBXShellScriptBuildPhase;
			buildActionMask = 2147483647;
			files = (
			);
			inputFileListPaths = (
			);
			inputPaths = (
			);
			outputFileListPaths = (
			);
			outputPaths = (
			);
			runOnlyForDeploymentPostprocessing = 0;
			shellPath = /bin/sh;
			shellScript = "\"${PODS_ROOT}/SwiftLint/swiftlint\"\n";
		};
		D126F1807751E72E791F6070 /* [CP] Embed Pods Frameworks */ = {
			isa = PBXShellScriptBuildPhase;
			buildActionMask = 2147483647;
			files = (
			);
			inputFileListPaths = (
				"${PODS_ROOT}/Target Support Files/Pods-Messenger/Pods-Messenger-frameworks-${CONFIGURATION}-input-files.xcfilelist",
			);
			name = "[CP] Embed Pods Frameworks";
			outputFileListPaths = (
				"${PODS_ROOT}/Target Support Files/Pods-Messenger/Pods-Messenger-frameworks-${CONFIGURATION}-output-files.xcfilelist",
			);
			runOnlyForDeploymentPostprocessing = 0;
			shellPath = /bin/sh;
			shellScript = "\"${PODS_ROOT}/Target Support Files/Pods-Messenger/Pods-Messenger-frameworks.sh\"\n";
			showEnvVarsInLog = 0;
		};
/* End PBXShellScriptBuildPhase section */

/* Begin PBXSourcesBuildPhase section */
		8477A9E925D6946F005227FC /* Sources */ = {
			isa = PBXSourcesBuildPhase;
			buildActionMask = 2147483647;
			files = (
				841856332627135A001DE940 /* IFileService.swift in Sources */,
				8418561A2625D422001DE940 /* ConversationPersistenceService.swift in Sources */,
				845A361725F59E2400D9E3AA /* ThemeDependentUIView.swift in Sources */,
				84CE067725EBF0FB005B8664 /* ConversationsListTableViewCell.swift in Sources */,
				844F91C52611FC170047807C /* Chat.xcdatamodeld in Sources */,
				8495239E262DAF3A00C3E62F /* NetworkTask.swift in Sources */,
				842CF321260A1FE80056DA13 /* UIViewController+showInputDialog.swift in Sources */,
				8477A9F525D6946F005227FC /* ProfileViewController.swift in Sources */,
				845A362225F5F39200D9E3AA /* ThemeProtocol.swift in Sources */,
				84F54487262DBD4C007778B5 /* INetworkTask.swift in Sources */,
				8477653726273AE2008DAD84 /* IInitialSetupService.swift in Sources */,
				847765732628C265008DAD84 /* IMessage.swift in Sources */,
				845A361A25F5A2BF00D9E3AA /* ThemeDependentUIButton.swift in Sources */,
				84F11C7E25F8DAE900D26CED /* IncomingMessageUIView.swift in Sources */,
				848FAA8825FF7B1F0063368E /* UIScrollView+scrollToBottom.swift in Sources */,
				845A360925F576C500D9E3AA /* ThemeDependentUILabel.swift in Sources */,
				848FAAA226000A860063368E /* UIImage+toString.swift in Sources */,
				843E895A260BA8080090F8F2 /* FirestoreService.swift in Sources */,
				84904F60260A5D1000FEE634 /* String+lines.swift in Sources */,
				848FAA9425FF97090063368E /* ProfileDataCompletionStatus.swift in Sources */,
				847765762628C2B3008DAD84 /* MessageType.swift in Sources */,
				848FAAA926000FA40063368E /* ProfileModel.swift in Sources */,
				848FAA9825FF97460063368E /* Exception.swift in Sources */,
				84CE068425ED78F7005B8664 /* ConversationTableViewCell.swift in Sources */,
				84F11C8425F8DF4800D26CED /* LightTheme.swift in Sources */,
				84F54481262DBCD4007778B5 /* AvatarService.swift in Sources */,
				8412A1852625D13000B4C52C /* IPersistenceService.swift in Sources */,
				8477652F26273980008DAD84 /* PresentationAssembly.swift in Sources */,
				84ED222D2603EE8E00924175 /* WorkItemType.swift in Sources */,
				8477653326273A7C008DAD84 /* InitialSetupService.swift in Sources */,
				845A360225F53F7600D9E3AA /* ThemeService.swift in Sources */,
				848FAA9C25FFDF600063368E /* UIViewController+hideKeyboard.swift in Sources */,
				849BB4622639981900DBA1C9 /* AboutAppModel.swift in Sources */,
				846C7C84261B3C3900224E1B /* Date+hasPassed.swift in Sources */,
				84CE067C25ED775C005B8664 /* ConversationViewController.swift in Sources */,
				8412A16D2625B3EC00B4C52C /* ConversationsPersistenceService.swift in Sources */,
				8477A9F125D6946F005227FC /* AppDelegate.swift in Sources */,
				84F11C8125F8DB1E00D26CED /* OutgoingMessageUIView.swift in Sources */,
				8412A17E2625CE4500B4C52C /* IFirestoreService.swift in Sources */,
				845A362B25F5FBA700D9E3AA /* UIColor+as1ptImage.swift in Sources */,
				849523A8262DB3AD00C3E62F /* ImageSelectionViewController.swift in Sources */,
				848FAAA526000AB90063368E /* String+toUIImage.swift in Sources */,
				8409C13626384C850024311D /* AboutAppViewController.swift in Sources */,
				8412A1692624EE4F00B4C52C /* ServiceAssembly.swift in Sources */,
				844F91C8261219D50047807C /* CoreDataStack.swift in Sources */,
				84F11C8A25F92B2E00D26CED /* ClassicTheme.swift in Sources */,
				844F91BD2611F4A10047807C /* ChannelModel.swift in Sources */,
				844F91CC26122C060047807C /* CoreDataObjectExtensions.swift in Sources */,
				8418563D262734D7001DE940 /* UIWindow+reload.swift in Sources */,
				84F544A4262EF915007778B5 /* AvatarDelegate.swift in Sources */,
				845A362625F5F3AA00D9E3AA /* NightTheme.swift in Sources */,
				84AE8CDA25EBD57B0016C53E /* ConversationsListViewController.swift in Sources */,
				84F54498262EE81E007778B5 /* NetworkError.swift in Sources */,
				84F54493262DF098007778B5 /* ImageSelectionCollectionViewCell.swift in Sources */,
				84F54484262DBCF6007778B5 /* IAvatarService.swift in Sources */,
				848FAA9F25FFEE700063368E /* ProfileModelStorable.swift in Sources */,
				84F544A7262F1691007778B5 /* ThemeDependentUICollectionView.swift in Sources */,
				8412A1772625C8FA00B4C52C /* CoreAssembly.swift in Sources */,
				849BB45E263997EE00DBA1C9 /* TransitionAnimator.swift in Sources */,
				84F5448B262DC989007778B5 /* PixabayData.swift in Sources */,
				847765702628C1B0008DAD84 /* IChannel.swift in Sources */,
				848FAA8D25FF89070063368E /* ProfileFileService.swift in Sources */,
				84F11C8725F8EECC00D26CED /* UIColor+Colors.swift in Sources */,
				845A360525F53FCC00D9E3AA /* ThemeServiceDelegate.swift in Sources */,
				844F91C12611F5650047807C /* ConversationModel.swift in Sources */,
				8418563926271511001DE940 /* IProfileFileService.swift in Sources */,
				84F5449B262EEF5D007778B5 /* AvatarError.swift in Sources */,
				845A35FA25F1609700D9E3AA /* ThemesViewController.swift in Sources */,
				846C7C81261B3B3D00224E1B /* CoreDataComplianceExtensions.swift in Sources */,
				84F5448E262DD748007778B5 /* ImageSelectionModel.swift in Sources */,
				849523A4262DB23200C3E62F /* Vcs+make.swift in Sources */,
			);
			runOnlyForDeploymentPostprocessing = 0;
		};
/* End PBXSourcesBuildPhase section */

/* Begin PBXVariantGroup section */
		8477A9F625D6946F005227FC /* Profile.storyboard */ = {
			isa = PBXVariantGroup;
			children = (
				8477A9F725D6946F005227FC /* Base */,
			);
			name = Profile.storyboard;
			sourceTree = "<group>";
		};
		8477A9FB25D6946F005227FC /* LaunchScreen.storyboard */ = {
			isa = PBXVariantGroup;
			children = (
				8477A9FC25D6946F005227FC /* Base */,
			);
			name = LaunchScreen.storyboard;
			sourceTree = "<group>";
		};
/* End PBXVariantGroup section */

/* Begin XCBuildConfiguration section */
		8477A9FF25D6946F005227FC /* Debug */ = {
			isa = XCBuildConfiguration;
			buildSettings = {
				ALWAYS_SEARCH_USER_PATHS = NO;
				CLANG_ANALYZER_NONNULL = YES;
				CLANG_ANALYZER_NUMBER_OBJECT_CONVERSION = YES_AGGRESSIVE;
				CLANG_CXX_LANGUAGE_STANDARD = "gnu++14";
				CLANG_CXX_LIBRARY = "libc++";
				CLANG_ENABLE_MODULES = YES;
				CLANG_ENABLE_OBJC_ARC = YES;
				CLANG_ENABLE_OBJC_WEAK = YES;
				CLANG_WARN_BLOCK_CAPTURE_AUTORELEASING = YES;
				CLANG_WARN_BOOL_CONVERSION = YES;
				CLANG_WARN_COMMA = YES;
				CLANG_WARN_CONSTANT_CONVERSION = YES;
				CLANG_WARN_DEPRECATED_OBJC_IMPLEMENTATIONS = YES;
				CLANG_WARN_DIRECT_OBJC_ISA_USAGE = YES_ERROR;
				CLANG_WARN_DOCUMENTATION_COMMENTS = YES;
				CLANG_WARN_EMPTY_BODY = YES;
				CLANG_WARN_ENUM_CONVERSION = YES;
				CLANG_WARN_INFINITE_RECURSION = YES;
				CLANG_WARN_INT_CONVERSION = YES;
				CLANG_WARN_NON_LITERAL_NULL_CONVERSION = YES;
				CLANG_WARN_OBJC_IMPLICIT_RETAIN_SELF = YES;
				CLANG_WARN_OBJC_LITERAL_CONVERSION = YES;
				CLANG_WARN_OBJC_ROOT_CLASS = YES_ERROR;
				CLANG_WARN_QUOTED_INCLUDE_IN_FRAMEWORK_HEADER = YES;
				CLANG_WARN_RANGE_LOOP_ANALYSIS = YES;
				CLANG_WARN_STRICT_PROTOTYPES = YES;
				CLANG_WARN_SUSPICIOUS_MOVE = YES;
				CLANG_WARN_UNGUARDED_AVAILABILITY = YES_AGGRESSIVE;
				CLANG_WARN_UNREACHABLE_CODE = YES;
				CLANG_WARN__DUPLICATE_METHOD_MATCH = YES;
				COPY_PHASE_STRIP = NO;
				DEBUG_INFORMATION_FORMAT = dwarf;
				ENABLE_STRICT_OBJC_MSGSEND = YES;
				ENABLE_TESTABILITY = YES;
				GCC_C_LANGUAGE_STANDARD = gnu11;
				GCC_DYNAMIC_NO_PIC = NO;
				GCC_NO_COMMON_BLOCKS = YES;
				GCC_OPTIMIZATION_LEVEL = 0;
				GCC_PREPROCESSOR_DEFINITIONS = (
					"DEBUG=1",
					"$(inherited)",
				);
				GCC_WARN_64_TO_32_BIT_CONVERSION = YES;
				GCC_WARN_ABOUT_RETURN_TYPE = YES_ERROR;
				GCC_WARN_UNDECLARED_SELECTOR = YES;
				GCC_WARN_UNINITIALIZED_AUTOS = YES_AGGRESSIVE;
				GCC_WARN_UNUSED_FUNCTION = YES;
				GCC_WARN_UNUSED_VARIABLE = YES;
				IPHONEOS_DEPLOYMENT_TARGET = 14.4;
				MTL_ENABLE_DEBUG_INFO = INCLUDE_SOURCE;
				MTL_FAST_MATH = YES;
				ONLY_ACTIVE_ARCH = YES;
				SDKROOT = iphoneos;
				SWIFT_ACTIVE_COMPILATION_CONDITIONS = DEBUG;
				SWIFT_OPTIMIZATION_LEVEL = "-Onone";
			};
			name = Debug;
		};
		8477AA0025D6946F005227FC /* Release */ = {
			isa = XCBuildConfiguration;
			buildSettings = {
				ALWAYS_SEARCH_USER_PATHS = NO;
				CLANG_ANALYZER_NONNULL = YES;
				CLANG_ANALYZER_NUMBER_OBJECT_CONVERSION = YES_AGGRESSIVE;
				CLANG_CXX_LANGUAGE_STANDARD = "gnu++14";
				CLANG_CXX_LIBRARY = "libc++";
				CLANG_ENABLE_MODULES = YES;
				CLANG_ENABLE_OBJC_ARC = YES;
				CLANG_ENABLE_OBJC_WEAK = YES;
				CLANG_WARN_BLOCK_CAPTURE_AUTORELEASING = YES;
				CLANG_WARN_BOOL_CONVERSION = YES;
				CLANG_WARN_COMMA = YES;
				CLANG_WARN_CONSTANT_CONVERSION = YES;
				CLANG_WARN_DEPRECATED_OBJC_IMPLEMENTATIONS = YES;
				CLANG_WARN_DIRECT_OBJC_ISA_USAGE = YES_ERROR;
				CLANG_WARN_DOCUMENTATION_COMMENTS = YES;
				CLANG_WARN_EMPTY_BODY = YES;
				CLANG_WARN_ENUM_CONVERSION = YES;
				CLANG_WARN_INFINITE_RECURSION = YES;
				CLANG_WARN_INT_CONVERSION = YES;
				CLANG_WARN_NON_LITERAL_NULL_CONVERSION = YES;
				CLANG_WARN_OBJC_IMPLICIT_RETAIN_SELF = YES;
				CLANG_WARN_OBJC_LITERAL_CONVERSION = YES;
				CLANG_WARN_OBJC_ROOT_CLASS = YES_ERROR;
				CLANG_WARN_QUOTED_INCLUDE_IN_FRAMEWORK_HEADER = YES;
				CLANG_WARN_RANGE_LOOP_ANALYSIS = YES;
				CLANG_WARN_STRICT_PROTOTYPES = YES;
				CLANG_WARN_SUSPICIOUS_MOVE = YES;
				CLANG_WARN_UNGUARDED_AVAILABILITY = YES_AGGRESSIVE;
				CLANG_WARN_UNREACHABLE_CODE = YES;
				CLANG_WARN__DUPLICATE_METHOD_MATCH = YES;
				COPY_PHASE_STRIP = NO;
				DEBUG_INFORMATION_FORMAT = "dwarf-with-dsym";
				ENABLE_NS_ASSERTIONS = NO;
				ENABLE_STRICT_OBJC_MSGSEND = YES;
				GCC_C_LANGUAGE_STANDARD = gnu11;
				GCC_NO_COMMON_BLOCKS = YES;
				GCC_WARN_64_TO_32_BIT_CONVERSION = YES;
				GCC_WARN_ABOUT_RETURN_TYPE = YES_ERROR;
				GCC_WARN_UNDECLARED_SELECTOR = YES;
				GCC_WARN_UNINITIALIZED_AUTOS = YES_AGGRESSIVE;
				GCC_WARN_UNUSED_FUNCTION = YES;
				GCC_WARN_UNUSED_VARIABLE = YES;
				IPHONEOS_DEPLOYMENT_TARGET = 14.4;
				MTL_ENABLE_DEBUG_INFO = NO;
				MTL_FAST_MATH = YES;
				SDKROOT = iphoneos;
				SWIFT_COMPILATION_MODE = wholemodule;
				SWIFT_OPTIMIZATION_LEVEL = "-O";
				VALIDATE_PRODUCT = YES;
			};
			name = Release;
		};
		8477AA0225D6946F005227FC /* Debug */ = {
			isa = XCBuildConfiguration;
			baseConfigurationReference = 7B60D476BA4BC2DCF9A4E701 /* Pods-Messenger.debug.xcconfig */;
			buildSettings = {
				ASSETCATALOG_COMPILER_APPICON_NAME = AppIcon;
				ASSETCATALOG_COMPILER_GLOBAL_ACCENT_COLOR_NAME = AccentColor;
				CODE_SIGN_STYLE = Automatic;
				DEVELOPMENT_TEAM = 6QV4CJJ5C7;
				INFOPLIST_FILE = Messenger/Info.plist;
				IPHONEOS_DEPLOYMENT_TARGET = 12.1;
				LD_RUNPATH_SEARCH_PATHS = (
					"$(inherited)",
					"@executable_path/Frameworks",
				);
				PRODUCT_BUNDLE_IDENTIFIER = belotserkovtsev.ru.Messenger;
				PRODUCT_NAME = "$(TARGET_NAME)";
				SWIFT_VERSION = 5.0;
				TARGETED_DEVICE_FAMILY = 1;
			};
			name = Debug;
		};
		8477AA0325D6946F005227FC /* Release */ = {
			isa = XCBuildConfiguration;
			baseConfigurationReference = 101A5A6B36AF92A1B10F5FE8 /* Pods-Messenger.release.xcconfig */;
			buildSettings = {
				ASSETCATALOG_COMPILER_APPICON_NAME = AppIcon;
				ASSETCATALOG_COMPILER_GLOBAL_ACCENT_COLOR_NAME = AccentColor;
				CODE_SIGN_STYLE = Automatic;
				DEVELOPMENT_TEAM = 6QV4CJJ5C7;
				INFOPLIST_FILE = Messenger/Info.plist;
				IPHONEOS_DEPLOYMENT_TARGET = 12.1;
				LD_RUNPATH_SEARCH_PATHS = (
					"$(inherited)",
					"@executable_path/Frameworks",
				);
				PRODUCT_BUNDLE_IDENTIFIER = belotserkovtsev.ru.Messenger;
				PRODUCT_NAME = "$(TARGET_NAME)";
				SWIFT_VERSION = 5.0;
				TARGETED_DEVICE_FAMILY = 1;
			};
			name = Release;
		};
/* End XCBuildConfiguration section */

/* Begin XCConfigurationList section */
		8477A9E825D6946F005227FC /* Build configuration list for PBXProject "Messenger" */ = {
			isa = XCConfigurationList;
			buildConfigurations = (
				8477A9FF25D6946F005227FC /* Debug */,
				8477AA0025D6946F005227FC /* Release */,
			);
			defaultConfigurationIsVisible = 0;
			defaultConfigurationName = Release;
		};
		8477AA0125D6946F005227FC /* Build configuration list for PBXNativeTarget "Messenger" */ = {
			isa = XCConfigurationList;
			buildConfigurations = (
				8477AA0225D6946F005227FC /* Debug */,
				8477AA0325D6946F005227FC /* Release */,
			);
			defaultConfigurationIsVisible = 0;
			defaultConfigurationName = Release;
		};
/* End XCConfigurationList section */

/* Begin XCVersionGroup section */
		844F91C32611FC170047807C /* Chat.xcdatamodeld */ = {
			isa = XCVersionGroup;
			children = (
				844F91C42611FC170047807C /* Chat.xcdatamodel */,
			);
			currentVersion = 844F91C42611FC170047807C /* Chat.xcdatamodel */;
			path = Chat.xcdatamodeld;
			sourceTree = "<group>";
			versionGroupType = wrapper.xcdatamodel;
		};
/* End XCVersionGroup section */
	};
	rootObject = 8477A9E525D6946E005227FC /* Project object */;
}
