// !$*UTF8*$!
{
	archiveVersion = 1;
	classes = {
	};
	objectVersion = 51;
	objects = {

/* Begin PBXBuildFile section */
		842CF321260A1FE80056DA13 /* UIViewController+showInputDialog.swift in Sources */ = {isa = PBXBuildFile; fileRef = 842CF320260A1FE80056DA13 /* UIViewController+showInputDialog.swift */; };
		843E895A260BA8080090F8F2 /* FirestoreManager.swift in Sources */ = {isa = PBXBuildFile; fileRef = 843E8959260BA8080090F8F2 /* FirestoreManager.swift */; };
		844F91BD2611F4A10047807C /* ChannelModel.swift in Sources */ = {isa = PBXBuildFile; fileRef = 844F91BC2611F4A10047807C /* ChannelModel.swift */; };
		844F91C12611F5650047807C /* ConversationModel.swift in Sources */ = {isa = PBXBuildFile; fileRef = 844F91C02611F5650047807C /* ConversationModel.swift */; };
		844F91C52611FC170047807C /* Chat.xcdatamodeld in Sources */ = {isa = PBXBuildFile; fileRef = 844F91C32611FC170047807C /* Chat.xcdatamodeld */; };
		844F91C8261219D50047807C /* CoreDataStack.swift in Sources */ = {isa = PBXBuildFile; fileRef = 844F91C7261219D50047807C /* CoreDataStack.swift */; };
		844F91CC26122C060047807C /* CoreDataObjectExtensions.swift in Sources */ = {isa = PBXBuildFile; fileRef = 844F91CB26122C060047807C /* CoreDataObjectExtensions.swift */; };
		845A35FA25F1609700D9E3AA /* ThemesViewController.swift in Sources */ = {isa = PBXBuildFile; fileRef = 845A35F925F1609700D9E3AA /* ThemesViewController.swift */; };
		845A35FD25F160E600D9E3AA /* Themes.storyboard in Resources */ = {isa = PBXBuildFile; fileRef = 845A35FC25F160E600D9E3AA /* Themes.storyboard */; };
		845A360225F53F7600D9E3AA /* ThemeManager.swift in Sources */ = {isa = PBXBuildFile; fileRef = 845A360125F53F7600D9E3AA /* ThemeManager.swift */; };
		845A360525F53FCC00D9E3AA /* ThemeManagerDelegate.swift in Sources */ = {isa = PBXBuildFile; fileRef = 845A360425F53FCC00D9E3AA /* ThemeManagerDelegate.swift */; };
		845A360925F576C500D9E3AA /* ThemeDependentUILabel.swift in Sources */ = {isa = PBXBuildFile; fileRef = 845A360825F576C500D9E3AA /* ThemeDependentUILabel.swift */; };
		845A361725F59E2400D9E3AA /* ThemeDependentUIView.swift in Sources */ = {isa = PBXBuildFile; fileRef = 845A361625F59E2400D9E3AA /* ThemeDependentUIView.swift */; };
		845A361A25F5A2BF00D9E3AA /* ThemeDependentUIButton.swift in Sources */ = {isa = PBXBuildFile; fileRef = 845A361925F5A2BF00D9E3AA /* ThemeDependentUIButton.swift */; };
		845A362225F5F39200D9E3AA /* ThemeProtocol.swift in Sources */ = {isa = PBXBuildFile; fileRef = 845A362125F5F39200D9E3AA /* ThemeProtocol.swift */; };
		845A362625F5F3AA00D9E3AA /* NightTheme.swift in Sources */ = {isa = PBXBuildFile; fileRef = 845A362525F5F3AA00D9E3AA /* NightTheme.swift */; };
		845A362B25F5FBA700D9E3AA /* UIColor+as1ptImage.swift in Sources */ = {isa = PBXBuildFile; fileRef = 845A362A25F5FBA700D9E3AA /* UIColor+as1ptImage.swift */; };
		846C7C7C2614EA2E00224E1B /* CoreDataManager.swift in Sources */ = {isa = PBXBuildFile; fileRef = 846C7C7B2614EA2E00224E1B /* CoreDataManager.swift */; };
		846C7C81261B3B3D00224E1B /* CoreDataComplianceExtensions.swift in Sources */ = {isa = PBXBuildFile; fileRef = 846C7C80261B3B3D00224E1B /* CoreDataComplianceExtensions.swift */; };
		846C7C84261B3C3900224E1B /* Date+hasPassed.swift in Sources */ = {isa = PBXBuildFile; fileRef = 846C7C83261B3C3900224E1B /* Date+hasPassed.swift */; };
		8477A9F125D6946F005227FC /* AppDelegate.swift in Sources */ = {isa = PBXBuildFile; fileRef = 8477A9F025D6946F005227FC /* AppDelegate.swift */; };
		8477A9F525D6946F005227FC /* ProfileViewController.swift in Sources */ = {isa = PBXBuildFile; fileRef = 8477A9F425D6946F005227FC /* ProfileViewController.swift */; };
		8477A9F825D6946F005227FC /* Profile.storyboard in Resources */ = {isa = PBXBuildFile; fileRef = 8477A9F625D6946F005227FC /* Profile.storyboard */; };
		8477A9FA25D6946F005227FC /* Assets.xcassets in Resources */ = {isa = PBXBuildFile; fileRef = 8477A9F925D6946F005227FC /* Assets.xcassets */; };
		8477A9FD25D6946F005227FC /* LaunchScreen.storyboard in Resources */ = {isa = PBXBuildFile; fileRef = 8477A9FB25D6946F005227FC /* LaunchScreen.storyboard */; };
		848FAA8825FF7B1F0063368E /* UIScrollView+scrollToBottom.swift in Sources */ = {isa = PBXBuildFile; fileRef = 848FAA8725FF7B1F0063368E /* UIScrollView+scrollToBottom.swift */; };
		848FAA8D25FF89070063368E /* GCDManager.swift in Sources */ = {isa = PBXBuildFile; fileRef = 848FAA8C25FF89070063368E /* GCDManager.swift */; };
		848FAA9425FF97090063368E /* ProfileDataCompletionStatus.swift in Sources */ = {isa = PBXBuildFile; fileRef = 848FAA9325FF97090063368E /* ProfileDataCompletionStatus.swift */; };
		848FAA9825FF97460063368E /* Exception.swift in Sources */ = {isa = PBXBuildFile; fileRef = 848FAA9725FF97460063368E /* Exception.swift */; };
		848FAA9C25FFDF600063368E /* UIViewController+hideKeyboard.swift in Sources */ = {isa = PBXBuildFile; fileRef = 848FAA9B25FFDF5F0063368E /* UIViewController+hideKeyboard.swift */; };
		848FAA9F25FFEE700063368E /* ProfileDataStorable.swift in Sources */ = {isa = PBXBuildFile; fileRef = 848FAA9E25FFEE700063368E /* ProfileDataStorable.swift */; };
		848FAAA226000A860063368E /* UIImage+toString.swift in Sources */ = {isa = PBXBuildFile; fileRef = 848FAAA126000A860063368E /* UIImage+toString.swift */; };
		848FAAA526000AB90063368E /* String+toUIImage.swift in Sources */ = {isa = PBXBuildFile; fileRef = 848FAAA426000AB90063368E /* String+toUIImage.swift */; };
		848FAAA926000FA40063368E /* ProfileDataModel.swift in Sources */ = {isa = PBXBuildFile; fileRef = 848FAAA826000FA40063368E /* ProfileDataModel.swift */; };
		84904F60260A5D1000FEE634 /* String+lines.swift in Sources */ = {isa = PBXBuildFile; fileRef = 84904F5F260A5D1000FEE634 /* String+lines.swift */; };
		84AE8CD725EBD5150016C53E /* ConversationsList.storyboard in Resources */ = {isa = PBXBuildFile; fileRef = 84AE8CD625EBD5150016C53E /* ConversationsList.storyboard */; };
		84AE8CDA25EBD57B0016C53E /* ConversationsListViewController.swift in Sources */ = {isa = PBXBuildFile; fileRef = 84AE8CD925EBD57B0016C53E /* ConversationsListViewController.swift */; };
		84CE067725EBF0FB005B8664 /* ConversationsListTableViewCell.swift in Sources */ = {isa = PBXBuildFile; fileRef = 84CE067525EBF0FB005B8664 /* ConversationsListTableViewCell.swift */; };
		84CE067825EBF0FB005B8664 /* ConversationsListTableViewCell.xib in Resources */ = {isa = PBXBuildFile; fileRef = 84CE067625EBF0FB005B8664 /* ConversationsListTableViewCell.xib */; };
		84CE067C25ED775C005B8664 /* ConversationViewController.swift in Sources */ = {isa = PBXBuildFile; fileRef = 84CE067B25ED775C005B8664 /* ConversationViewController.swift */; };
		84CE067F25ED77B1005B8664 /* Conversation.storyboard in Resources */ = {isa = PBXBuildFile; fileRef = 84CE067E25ED77B1005B8664 /* Conversation.storyboard */; };
		84CE068425ED78F7005B8664 /* ConversationTableViewCell.swift in Sources */ = {isa = PBXBuildFile; fileRef = 84CE068225ED78F7005B8664 /* ConversationTableViewCell.swift */; };
		84CE068525ED78F7005B8664 /* ConversationTableViewCell.xib in Resources */ = {isa = PBXBuildFile; fileRef = 84CE068325ED78F7005B8664 /* ConversationTableViewCell.xib */; };
		84ED222D2603EE8E00924175 /* WorkItemType.swift in Sources */ = {isa = PBXBuildFile; fileRef = 84ED222C2603EE8E00924175 /* WorkItemType.swift */; };
		84F11C7E25F8DAE900D26CED /* IncomingMessageUIView.swift in Sources */ = {isa = PBXBuildFile; fileRef = 84F11C7D25F8DAE900D26CED /* IncomingMessageUIView.swift */; };
		84F11C8125F8DB1E00D26CED /* OutgoingMessageUIView.swift in Sources */ = {isa = PBXBuildFile; fileRef = 84F11C8025F8DB1E00D26CED /* OutgoingMessageUIView.swift */; };
		84F11C8425F8DF4800D26CED /* LightTheme.swift in Sources */ = {isa = PBXBuildFile; fileRef = 84F11C8325F8DF4800D26CED /* LightTheme.swift */; };
		84F11C8725F8EECC00D26CED /* UIColor+Colors.swift in Sources */ = {isa = PBXBuildFile; fileRef = 84F11C8625F8EECC00D26CED /* UIColor+Colors.swift */; };
		84F11C8A25F92B2E00D26CED /* ClassicTheme.swift in Sources */ = {isa = PBXBuildFile; fileRef = 84F11C8925F92B2E00D26CED /* ClassicTheme.swift */; };
		AD28F88B098B70032CBF1125 /* Pods_Messenger.framework in Frameworks */ = {isa = PBXBuildFile; fileRef = 313D7B841EFABC50CCEB539D /* Pods_Messenger.framework */; };
/* End PBXBuildFile section */

/* Begin PBXFileReference section */
		2809E3B92AE84DDCB9B81138 /* Pods-Messenger.release.xcconfig */ = {isa = PBXFileReference; includeInIndex = 1; lastKnownFileType = text.xcconfig; name = "Pods-Messenger.release.xcconfig"; path = "Target Support Files/Pods-Messenger/Pods-Messenger.release.xcconfig"; sourceTree = "<group>"; };
		313D7B841EFABC50CCEB539D /* Pods_Messenger.framework */ = {isa = PBXFileReference; explicitFileType = wrapper.framework; includeInIndex = 0; path = Pods_Messenger.framework; sourceTree = BUILT_PRODUCTS_DIR; };
		842CF320260A1FE80056DA13 /* UIViewController+showInputDialog.swift */ = {isa = PBXFileReference; lastKnownFileType = sourcecode.swift; path = "UIViewController+showInputDialog.swift"; sourceTree = "<group>"; };
		843E8959260BA8080090F8F2 /* FirestoreManager.swift */ = {isa = PBXFileReference; lastKnownFileType = sourcecode.swift; path = FirestoreManager.swift; sourceTree = "<group>"; };
		844F91BC2611F4A10047807C /* ChannelModel.swift */ = {isa = PBXFileReference; lastKnownFileType = sourcecode.swift; path = ChannelModel.swift; sourceTree = "<group>"; };
		844F91C02611F5650047807C /* ConversationModel.swift */ = {isa = PBXFileReference; lastKnownFileType = sourcecode.swift; path = ConversationModel.swift; sourceTree = "<group>"; };
		844F91C42611FC170047807C /* Chat.xcdatamodel */ = {isa = PBXFileReference; lastKnownFileType = wrapper.xcdatamodel; path = Chat.xcdatamodel; sourceTree = "<group>"; };
		844F91C7261219D50047807C /* CoreDataStack.swift */ = {isa = PBXFileReference; lastKnownFileType = sourcecode.swift; path = CoreDataStack.swift; sourceTree = "<group>"; };
		844F91CB26122C060047807C /* CoreDataObjectExtensions.swift */ = {isa = PBXFileReference; lastKnownFileType = sourcecode.swift; path = CoreDataObjectExtensions.swift; sourceTree = "<group>"; };
		845A35F925F1609700D9E3AA /* ThemesViewController.swift */ = {isa = PBXFileReference; lastKnownFileType = sourcecode.swift; path = ThemesViewController.swift; sourceTree = "<group>"; };
		845A35FC25F160E600D9E3AA /* Themes.storyboard */ = {isa = PBXFileReference; lastKnownFileType = file.storyboard; path = Themes.storyboard; sourceTree = "<group>"; };
		845A360125F53F7600D9E3AA /* ThemeManager.swift */ = {isa = PBXFileReference; lastKnownFileType = sourcecode.swift; path = ThemeManager.swift; sourceTree = "<group>"; };
		845A360425F53FCC00D9E3AA /* ThemeManagerDelegate.swift */ = {isa = PBXFileReference; lastKnownFileType = sourcecode.swift; path = ThemeManagerDelegate.swift; sourceTree = "<group>"; };
		845A360825F576C500D9E3AA /* ThemeDependentUILabel.swift */ = {isa = PBXFileReference; lastKnownFileType = sourcecode.swift; path = ThemeDependentUILabel.swift; sourceTree = "<group>"; };
		845A361625F59E2400D9E3AA /* ThemeDependentUIView.swift */ = {isa = PBXFileReference; lastKnownFileType = sourcecode.swift; path = ThemeDependentUIView.swift; sourceTree = "<group>"; };
		845A361925F5A2BF00D9E3AA /* ThemeDependentUIButton.swift */ = {isa = PBXFileReference; lastKnownFileType = sourcecode.swift; path = ThemeDependentUIButton.swift; sourceTree = "<group>"; };
		845A362125F5F39200D9E3AA /* ThemeProtocol.swift */ = {isa = PBXFileReference; lastKnownFileType = sourcecode.swift; path = ThemeProtocol.swift; sourceTree = "<group>"; };
		845A362525F5F3AA00D9E3AA /* NightTheme.swift */ = {isa = PBXFileReference; lastKnownFileType = sourcecode.swift; path = NightTheme.swift; sourceTree = "<group>"; };
		845A362A25F5FBA700D9E3AA /* UIColor+as1ptImage.swift */ = {isa = PBXFileReference; lastKnownFileType = sourcecode.swift; path = "UIColor+as1ptImage.swift"; sourceTree = "<group>"; };
		846C7C7B2614EA2E00224E1B /* CoreDataManager.swift */ = {isa = PBXFileReference; lastKnownFileType = sourcecode.swift; path = CoreDataManager.swift; sourceTree = "<group>"; };
		846C7C80261B3B3D00224E1B /* CoreDataComplianceExtensions.swift */ = {isa = PBXFileReference; lastKnownFileType = sourcecode.swift; path = CoreDataComplianceExtensions.swift; sourceTree = "<group>"; };
		846C7C83261B3C3900224E1B /* Date+hasPassed.swift */ = {isa = PBXFileReference; lastKnownFileType = sourcecode.swift; path = "Date+hasPassed.swift"; sourceTree = "<group>"; };
		8477A9ED25D6946F005227FC /* Messenger.app */ = {isa = PBXFileReference; explicitFileType = wrapper.application; includeInIndex = 0; path = Messenger.app; sourceTree = BUILT_PRODUCTS_DIR; };
		8477A9F025D6946F005227FC /* AppDelegate.swift */ = {isa = PBXFileReference; lastKnownFileType = sourcecode.swift; path = AppDelegate.swift; sourceTree = "<group>"; };
		8477A9F425D6946F005227FC /* ProfileViewController.swift */ = {isa = PBXFileReference; lastKnownFileType = sourcecode.swift; path = ProfileViewController.swift; sourceTree = "<group>"; };
		8477A9F725D6946F005227FC /* Base */ = {isa = PBXFileReference; lastKnownFileType = file.storyboard; name = Base; path = Base.lproj/Profile.storyboard; sourceTree = "<group>"; };
		8477A9F925D6946F005227FC /* Assets.xcassets */ = {isa = PBXFileReference; lastKnownFileType = folder.assetcatalog; path = Assets.xcassets; sourceTree = "<group>"; };
		8477A9FC25D6946F005227FC /* Base */ = {isa = PBXFileReference; lastKnownFileType = file.storyboard; name = Base; path = Base.lproj/LaunchScreen.storyboard; sourceTree = "<group>"; };
		8477A9FE25D6946F005227FC /* Info.plist */ = {isa = PBXFileReference; lastKnownFileType = text.plist.xml; path = Info.plist; sourceTree = "<group>"; };
		848FAA8725FF7B1F0063368E /* UIScrollView+scrollToBottom.swift */ = {isa = PBXFileReference; lastKnownFileType = sourcecode.swift; path = "UIScrollView+scrollToBottom.swift"; sourceTree = "<group>"; };
		848FAA8C25FF89070063368E /* GCDManager.swift */ = {isa = PBXFileReference; lastKnownFileType = sourcecode.swift; path = GCDManager.swift; sourceTree = "<group>"; };
		848FAA9325FF97090063368E /* ProfileDataCompletionStatus.swift */ = {isa = PBXFileReference; lastKnownFileType = sourcecode.swift; path = ProfileDataCompletionStatus.swift; sourceTree = "<group>"; };
		848FAA9725FF97460063368E /* Exception.swift */ = {isa = PBXFileReference; lastKnownFileType = sourcecode.swift; path = Exception.swift; sourceTree = "<group>"; };
		848FAA9B25FFDF5F0063368E /* UIViewController+hideKeyboard.swift */ = {isa = PBXFileReference; lastKnownFileType = sourcecode.swift; path = "UIViewController+hideKeyboard.swift"; sourceTree = "<group>"; };
		848FAA9E25FFEE700063368E /* ProfileDataStorable.swift */ = {isa = PBXFileReference; lastKnownFileType = sourcecode.swift; path = ProfileDataStorable.swift; sourceTree = "<group>"; };
		848FAAA126000A860063368E /* UIImage+toString.swift */ = {isa = PBXFileReference; lastKnownFileType = sourcecode.swift; path = "UIImage+toString.swift"; sourceTree = "<group>"; };
		848FAAA426000AB90063368E /* String+toUIImage.swift */ = {isa = PBXFileReference; lastKnownFileType = sourcecode.swift; path = "String+toUIImage.swift"; sourceTree = "<group>"; };
		848FAAA826000FA40063368E /* ProfileDataModel.swift */ = {isa = PBXFileReference; lastKnownFileType = sourcecode.swift; path = ProfileDataModel.swift; sourceTree = "<group>"; };
		84904F5F260A5D1000FEE634 /* String+lines.swift */ = {isa = PBXFileReference; lastKnownFileType = sourcecode.swift; path = "String+lines.swift"; sourceTree = "<group>"; };
		84AE8CD625EBD5150016C53E /* ConversationsList.storyboard */ = {isa = PBXFileReference; lastKnownFileType = file.storyboard; path = ConversationsList.storyboard; sourceTree = "<group>"; };
		84AE8CD925EBD57B0016C53E /* ConversationsListViewController.swift */ = {isa = PBXFileReference; lastKnownFileType = sourcecode.swift; path = ConversationsListViewController.swift; sourceTree = "<group>"; };
		84CE067525EBF0FB005B8664 /* ConversationsListTableViewCell.swift */ = {isa = PBXFileReference; lastKnownFileType = sourcecode.swift; path = ConversationsListTableViewCell.swift; sourceTree = "<group>"; };
		84CE067625EBF0FB005B8664 /* ConversationsListTableViewCell.xib */ = {isa = PBXFileReference; lastKnownFileType = file.xib; path = ConversationsListTableViewCell.xib; sourceTree = "<group>"; };
		84CE067B25ED775C005B8664 /* ConversationViewController.swift */ = {isa = PBXFileReference; lastKnownFileType = sourcecode.swift; path = ConversationViewController.swift; sourceTree = "<group>"; };
		84CE067E25ED77B1005B8664 /* Conversation.storyboard */ = {isa = PBXFileReference; lastKnownFileType = file.storyboard; path = Conversation.storyboard; sourceTree = "<group>"; };
		84CE068225ED78F7005B8664 /* ConversationTableViewCell.swift */ = {isa = PBXFileReference; lastKnownFileType = sourcecode.swift; path = ConversationTableViewCell.swift; sourceTree = "<group>"; };
		84CE068325ED78F7005B8664 /* ConversationTableViewCell.xib */ = {isa = PBXFileReference; lastKnownFileType = file.xib; path = ConversationTableViewCell.xib; sourceTree = "<group>"; };
		84ED222C2603EE8E00924175 /* WorkItemType.swift */ = {isa = PBXFileReference; lastKnownFileType = sourcecode.swift; path = WorkItemType.swift; sourceTree = "<group>"; };
		84F11C7D25F8DAE900D26CED /* IncomingMessageUIView.swift */ = {isa = PBXFileReference; lastKnownFileType = sourcecode.swift; path = IncomingMessageUIView.swift; sourceTree = "<group>"; };
		84F11C8025F8DB1E00D26CED /* OutgoingMessageUIView.swift */ = {isa = PBXFileReference; lastKnownFileType = sourcecode.swift; path = OutgoingMessageUIView.swift; sourceTree = "<group>"; };
		84F11C8325F8DF4800D26CED /* LightTheme.swift */ = {isa = PBXFileReference; lastKnownFileType = sourcecode.swift; path = LightTheme.swift; sourceTree = "<group>"; };
		84F11C8625F8EECC00D26CED /* UIColor+Colors.swift */ = {isa = PBXFileReference; lastKnownFileType = sourcecode.swift; path = "UIColor+Colors.swift"; sourceTree = "<group>"; };
		84F11C8925F92B2E00D26CED /* ClassicTheme.swift */ = {isa = PBXFileReference; lastKnownFileType = sourcecode.swift; path = ClassicTheme.swift; sourceTree = "<group>"; };
		B805B6233A8722CE12D12AEB /* Pods-Messenger.debug.xcconfig */ = {isa = PBXFileReference; includeInIndex = 1; lastKnownFileType = text.xcconfig; name = "Pods-Messenger.debug.xcconfig"; path = "Target Support Files/Pods-Messenger/Pods-Messenger.debug.xcconfig"; sourceTree = "<group>"; };
/* End PBXFileReference section */

/* Begin PBXFrameworksBuildPhase section */
		8477A9EA25D6946F005227FC /* Frameworks */ = {
			isa = PBXFrameworksBuildPhase;
			buildActionMask = 2147483647;
			files = (
				AD28F88B098B70032CBF1125 /* Pods_Messenger.framework in Frameworks */,
			);
			runOnlyForDeploymentPostprocessing = 0;
		};
/* End PBXFrameworksBuildPhase section */

/* Begin PBXGroup section */
		035B0B05E787FA33665F6F77 /* Frameworks */ = {
			isa = PBXGroup;
			children = (
				313D7B841EFABC50CCEB539D /* Pods_Messenger.framework */,
			);
			name = Frameworks;
			sourceTree = "<group>";
		};
		721747BD57F62664C336849A /* Pods */ = {
			isa = PBXGroup;
			children = (
				B805B6233A8722CE12D12AEB /* Pods-Messenger.debug.xcconfig */,
				2809E3B92AE84DDCB9B81138 /* Pods-Messenger.release.xcconfig */,
			);
			path = Pods;
			sourceTree = "<group>";
		};
		843E8958260BA7F30090F8F2 /* Firestore */ = {
			isa = PBXGroup;
			children = (
				843E8959260BA8080090F8F2 /* FirestoreManager.swift */,
			);
			path = Firestore;
			sourceTree = "<group>";
		};
		844F91B72611F31B0047807C /* CoreData */ = {
			isa = PBXGroup;
			children = (
				846C7C7B2614EA2E00224E1B /* CoreDataManager.swift */,
				844F91C7261219D50047807C /* CoreDataStack.swift */,
				844F91C32611FC170047807C /* Chat.xcdatamodeld */,
			);
			path = CoreData;
			sourceTree = "<group>";
		};
		844F91BB2611F3F10047807C /* Model */ = {
			isa = PBXGroup;
			children = (
				844F91BC2611F4A10047807C /* ChannelModel.swift */,
				844F91C02611F5650047807C /* ConversationModel.swift */,
			);
			path = Model;
			sourceTree = "<group>";
		};
		844F91CE26122E270047807C /* CoreData */ = {
			isa = PBXGroup;
			children = (
				844F91CB26122C060047807C /* CoreDataObjectExtensions.swift */,
				846C7C80261B3B3D00224E1B /* CoreDataComplianceExtensions.swift */,
			);
			path = CoreData;
			sourceTree = "<group>";
		};
		844F91CF26122E400047807C /* UI */ = {
			isa = PBXGroup;
			children = (
				842CF320260A1FE80056DA13 /* UIViewController+showInputDialog.swift */,
				848FAAA126000A860063368E /* UIImage+toString.swift */,
				848FAA9B25FFDF5F0063368E /* UIViewController+hideKeyboard.swift */,
				848FAA8725FF7B1F0063368E /* UIScrollView+scrollToBottom.swift */,
				84F11C8625F8EECC00D26CED /* UIColor+Colors.swift */,
				845A362A25F5FBA700D9E3AA /* UIColor+as1ptImage.swift */,
			);
			path = UI;
			sourceTree = "<group>";
		};
		844F91D026122E5E0047807C /* Type */ = {
			isa = PBXGroup;
			children = (
				84904F5F260A5D1000FEE634 /* String+lines.swift */,
				848FAAA426000AB90063368E /* String+toUIImage.swift */,
				846C7C83261B3C3900224E1B /* Date+hasPassed.swift */,
			);
			path = Type;
			sourceTree = "<group>";
		};
		845A360025F53F4100D9E3AA /* Style */ = {
			isa = PBXGroup;
			children = (
				845A362025F5F37A00D9E3AA /* Theme */,
				845A360125F53F7600D9E3AA /* ThemeManager.swift */,
				845A360425F53FCC00D9E3AA /* ThemeManagerDelegate.swift */,
			);
			path = Style;
			sourceTree = "<group>";
		};
		845A360725F5766200D9E3AA /* Control */ = {
			isa = PBXGroup;
			children = (
				845A360825F576C500D9E3AA /* ThemeDependentUILabel.swift */,
				845A361625F59E2400D9E3AA /* ThemeDependentUIView.swift */,
				845A361925F5A2BF00D9E3AA /* ThemeDependentUIButton.swift */,
				84F11C7D25F8DAE900D26CED /* IncomingMessageUIView.swift */,
				84F11C8025F8DB1E00D26CED /* OutgoingMessageUIView.swift */,
			);
			path = Control;
			sourceTree = "<group>";
		};
		845A362025F5F37A00D9E3AA /* Theme */ = {
			isa = PBXGroup;
			children = (
				845A362525F5F3AA00D9E3AA /* NightTheme.swift */,
				84F11C8325F8DF4800D26CED /* LightTheme.swift */,
				84F11C8925F92B2E00D26CED /* ClassicTheme.swift */,
				845A362125F5F39200D9E3AA /* ThemeProtocol.swift */,
			);
			path = Theme;
			sourceTree = "<group>";
		};
		845A362925F5FB8C00D9E3AA /* Extension */ = {
			isa = PBXGroup;
			children = (
				844F91D026122E5E0047807C /* Type */,
				844F91CF26122E400047807C /* UI */,
				844F91CE26122E270047807C /* CoreData */,
			);
			path = Extension;
			sourceTree = "<group>";
		};
		8477A9E425D6946E005227FC = {
			isa = PBXGroup;
			children = (
				8477A9EF25D6946F005227FC /* Messenger */,
				8477A9EE25D6946F005227FC /* Products */,
				721747BD57F62664C336849A /* Pods */,
				035B0B05E787FA33665F6F77 /* Frameworks */,
			);
			sourceTree = "<group>";
		};
		8477A9EE25D6946F005227FC /* Products */ = {
			isa = PBXGroup;
			children = (
				8477A9ED25D6946F005227FC /* Messenger.app */,
			);
			name = Products;
			sourceTree = "<group>";
		};
		8477A9EF25D6946F005227FC /* Messenger */ = {
			isa = PBXGroup;
			children = (
				848FAA9225FF96E70063368E /* Type */,
				845A362925F5FB8C00D9E3AA /* Extension */,
				845A360725F5766200D9E3AA /* Control */,
				845A360025F53F4100D9E3AA /* Style */,
				844F91B72611F31B0047807C /* CoreData */,
				843E8958260BA7F30090F8F2 /* Firestore */,
				848FAA8B25FF88BA0063368E /* ThreadManager */,
				84CE067425EBF09F005B8664 /* CustomCell */,
				844F91BB2611F3F10047807C /* Model */,
				84AE8CDE25EBDCAD0016C53E /* Storyboard */,
				84AE8CDD25EBDC960016C53E /* ViewController */,
				8477A9F025D6946F005227FC /* AppDelegate.swift */,
				8477A9F925D6946F005227FC /* Assets.xcassets */,
				8477A9FE25D6946F005227FC /* Info.plist */,
			);
			path = Messenger;
			sourceTree = "<group>";
		};
		848FAA8B25FF88BA0063368E /* ThreadManager */ = {
			isa = PBXGroup;
			children = (
				848FAA8C25FF89070063368E /* GCDManager.swift */,
				848FAA9E25FFEE700063368E /* ProfileDataStorable.swift */,
				848FAAA826000FA40063368E /* ProfileDataModel.swift */,
			);
			path = ThreadManager;
			sourceTree = "<group>";
		};
		848FAA9225FF96E70063368E /* Type */ = {
			isa = PBXGroup;
			children = (
				848FAA9325FF97090063368E /* ProfileDataCompletionStatus.swift */,
				848FAA9725FF97460063368E /* Exception.swift */,
				84ED222C2603EE8E00924175 /* WorkItemType.swift */,
			);
			path = Type;
			sourceTree = "<group>";
		};
		84AE8CDD25EBDC960016C53E /* ViewController */ = {
			isa = PBXGroup;
			children = (
				845A35F925F1609700D9E3AA /* ThemesViewController.swift */,
				84CE067B25ED775C005B8664 /* ConversationViewController.swift */,
				84AE8CD925EBD57B0016C53E /* ConversationsListViewController.swift */,
				8477A9F425D6946F005227FC /* ProfileViewController.swift */,
			);
			path = ViewController;
			sourceTree = "<group>";
		};
		84AE8CDE25EBDCAD0016C53E /* Storyboard */ = {
			isa = PBXGroup;
			children = (
				845A35FC25F160E600D9E3AA /* Themes.storyboard */,
				84CE067E25ED77B1005B8664 /* Conversation.storyboard */,
				84AE8CD625EBD5150016C53E /* ConversationsList.storyboard */,
				8477A9F625D6946F005227FC /* Profile.storyboard */,
				8477A9FB25D6946F005227FC /* LaunchScreen.storyboard */,
			);
			path = Storyboard;
			sourceTree = "<group>";
		};
		84CE067425EBF09F005B8664 /* CustomCell */ = {
			isa = PBXGroup;
			children = (
				84CE067525EBF0FB005B8664 /* ConversationsListTableViewCell.swift */,
				84CE067625EBF0FB005B8664 /* ConversationsListTableViewCell.xib */,
				84CE068225ED78F7005B8664 /* ConversationTableViewCell.swift */,
				84CE068325ED78F7005B8664 /* ConversationTableViewCell.xib */,
			);
			path = CustomCell;
			sourceTree = "<group>";
		};
/* End PBXGroup section */

/* Begin PBXNativeTarget section */
		8477A9EC25D6946F005227FC /* Messenger */ = {
			isa = PBXNativeTarget;
			buildConfigurationList = 8477AA0125D6946F005227FC /* Build configuration list for PBXNativeTarget "Messenger" */;
			buildPhases = (
				D77578376186A1498A781CDB /* [CP] Check Pods Manifest.lock */,
				8477A9E925D6946F005227FC /* Sources */,
				8477A9EA25D6946F005227FC /* Frameworks */,
				8477A9EB25D6946F005227FC /* Resources */,
				F4B7EA22197162D216AA6F6E /* [CP] Embed Pods Frameworks */,
				843E8937260AA0DE0090F8F2 /* ShellScript */,
			);
			buildRules = (
			);
			dependencies = (
			);
			name = Messenger;
			productName = Messenger;
			productReference = 8477A9ED25D6946F005227FC /* Messenger.app */;
			productType = "com.apple.product-type.application";
		};
/* End PBXNativeTarget section */

/* Begin PBXProject section */
		8477A9E525D6946E005227FC /* Project object */ = {
			isa = PBXProject;
			attributes = {
				LastSwiftUpdateCheck = 1240;
				LastUpgradeCheck = 1240;
				TargetAttributes = {
					8477A9EC25D6946F005227FC = {
						CreatedOnToolsVersion = 12.4;
					};
				};
			};
			buildConfigurationList = 8477A9E825D6946F005227FC /* Build configuration list for PBXProject "Messenger" */;
			compatibilityVersion = "Xcode 9.3";
			developmentRegion = en;
			hasScannedForEncodings = 0;
			knownRegions = (
				en,
				Base,
			);
			mainGroup = 8477A9E425D6946E005227FC;
			productRefGroup = 8477A9EE25D6946F005227FC /* Products */;
			projectDirPath = "";
			projectRoot = "";
			targets = (
				8477A9EC25D6946F005227FC /* Messenger */,
			);
		};
/* End PBXProject section */

/* Begin PBXResourcesBuildPhase section */
		8477A9EB25D6946F005227FC /* Resources */ = {
			isa = PBXResourcesBuildPhase;
			buildActionMask = 2147483647;
			files = (
				8477A9FD25D6946F005227FC /* LaunchScreen.storyboard in Resources */,
				84AE8CD725EBD5150016C53E /* ConversationsList.storyboard in Resources */,
				84CE068525ED78F7005B8664 /* ConversationTableViewCell.xib in Resources */,
				8477A9FA25D6946F005227FC /* Assets.xcassets in Resources */,
				84CE067F25ED77B1005B8664 /* Conversation.storyboard in Resources */,
				84CE067825EBF0FB005B8664 /* ConversationsListTableViewCell.xib in Resources */,
				845A35FD25F160E600D9E3AA /* Themes.storyboard in Resources */,
				8477A9F825D6946F005227FC /* Profile.storyboard in Resources */,
			);
			runOnlyForDeploymentPostprocessing = 0;
		};
/* End PBXResourcesBuildPhase section */

/* Begin PBXShellScriptBuildPhase section */
		843E8937260AA0DE0090F8F2 /* ShellScript */ = {
			isa = PBXShellScriptBuildPhase;
			buildActionMask = 2147483647;
			files = (
			);
			inputFileListPaths = (
			);
			inputPaths = (
			);
			outputFileListPaths = (
			);
			outputPaths = (
			);
			runOnlyForDeploymentPostprocessing = 0;
			shellPath = /bin/sh;
			shellScript = "\"${PODS_ROOT}/SwiftLint/swiftlint\"\n";
		};
		D77578376186A1498A781CDB /* [CP] Check Pods Manifest.lock */ = {
			isa = PBXShellScriptBuildPhase;
			buildActionMask = 2147483647;
			files = (
			);
			inputFileListPaths = (
			);
			inputPaths = (
				"${PODS_PODFILE_DIR_PATH}/Podfile.lock",
				"${PODS_ROOT}/Manifest.lock",
			);
			name = "[CP] Check Pods Manifest.lock";
			outputFileListPaths = (
			);
			outputPaths = (
				"$(DERIVED_FILE_DIR)/Pods-Messenger-checkManifestLockResult.txt",
			);
			runOnlyForDeploymentPostprocessing = 0;
			shellPath = /bin/sh;
			shellScript = "diff \"${PODS_PODFILE_DIR_PATH}/Podfile.lock\" \"${PODS_ROOT}/Manifest.lock\" > /dev/null\nif [ $? != 0 ] ; then\n    # print error to STDERR\n    echo \"error: The sandbox is not in sync with the Podfile.lock. Run 'pod install' or update your CocoaPods installation.\" >&2\n    exit 1\nfi\n# This output is used by Xcode 'outputs' to avoid re-running this script phase.\necho \"SUCCESS\" > \"${SCRIPT_OUTPUT_FILE_0}\"\n";
			showEnvVarsInLog = 0;
		};
		F4B7EA22197162D216AA6F6E /* [CP] Embed Pods Frameworks */ = {
			isa = PBXShellScriptBuildPhase;
			buildActionMask = 2147483647;
			files = (
			);
			inputFileListPaths = (
				"${PODS_ROOT}/Target Support Files/Pods-Messenger/Pods-Messenger-frameworks-${CONFIGURATION}-input-files.xcfilelist",
			);
			name = "[CP] Embed Pods Frameworks";
			outputFileListPaths = (
				"${PODS_ROOT}/Target Support Files/Pods-Messenger/Pods-Messenger-frameworks-${CONFIGURATION}-output-files.xcfilelist",
			);
			runOnlyForDeploymentPostprocessing = 0;
			shellPath = /bin/sh;
			shellScript = "\"${PODS_ROOT}/Target Support Files/Pods-Messenger/Pods-Messenger-frameworks.sh\"\n";
			showEnvVarsInLog = 0;
		};
/* End PBXShellScriptBuildPhase section */

/* Begin PBXSourcesBuildPhase section */
		8477A9E925D6946F005227FC /* Sources */ = {
			isa = PBXSourcesBuildPhase;
			buildActionMask = 2147483647;
			files = (
				845A361725F59E2400D9E3AA /* ThemeDependentUIView.swift in Sources */,
				84CE067725EBF0FB005B8664 /* ConversationsListTableViewCell.swift in Sources */,
				844F91C52611FC170047807C /* Chat.xcdatamodeld in Sources */,
				842CF321260A1FE80056DA13 /* UIViewController+showInputDialog.swift in Sources */,
				8477A9F525D6946F005227FC /* ProfileViewController.swift in Sources */,
				845A362225F5F39200D9E3AA /* ThemeProtocol.swift in Sources */,
				845A361A25F5A2BF00D9E3AA /* ThemeDependentUIButton.swift in Sources */,
				84F11C7E25F8DAE900D26CED /* IncomingMessageUIView.swift in Sources */,
				848FAA8825FF7B1F0063368E /* UIScrollView+scrollToBottom.swift in Sources */,
				845A360925F576C500D9E3AA /* ThemeDependentUILabel.swift in Sources */,
				848FAAA226000A860063368E /* UIImage+toString.swift in Sources */,
				846C7C7C2614EA2E00224E1B /* CoreDataManager.swift in Sources */,
				843E895A260BA8080090F8F2 /* FirestoreManager.swift in Sources */,
				84904F60260A5D1000FEE634 /* String+lines.swift in Sources */,
				848FAA9425FF97090063368E /* ProfileDataCompletionStatus.swift in Sources */,
				848FAAA926000FA40063368E /* ProfileDataModel.swift in Sources */,
				848FAA9825FF97460063368E /* Exception.swift in Sources */,
				84CE068425ED78F7005B8664 /* ConversationTableViewCell.swift in Sources */,
				84F11C8425F8DF4800D26CED /* LightTheme.swift in Sources */,
				84ED222D2603EE8E00924175 /* WorkItemType.swift in Sources */,
				845A360225F53F7600D9E3AA /* ThemeManager.swift in Sources */,
				848FAA9C25FFDF600063368E /* UIViewController+hideKeyboard.swift in Sources */,
				846C7C84261B3C3900224E1B /* Date+hasPassed.swift in Sources */,
				84CE067C25ED775C005B8664 /* ConversationViewController.swift in Sources */,
				8477A9F125D6946F005227FC /* AppDelegate.swift in Sources */,
				84F11C8125F8DB1E00D26CED /* OutgoingMessageUIView.swift in Sources */,
				845A362B25F5FBA700D9E3AA /* UIColor+as1ptImage.swift in Sources */,
				848FAAA526000AB90063368E /* String+toUIImage.swift in Sources */,
				844F91C8261219D50047807C /* CoreDataStack.swift in Sources */,
				84F11C8A25F92B2E00D26CED /* ClassicTheme.swift in Sources */,
				844F91BD2611F4A10047807C /* ChannelModel.swift in Sources */,
				844F91CC26122C060047807C /* CoreDataObjectExtensions.swift in Sources */,
				845A362625F5F3AA00D9E3AA /* NightTheme.swift in Sources */,
				84AE8CDA25EBD57B0016C53E /* ConversationsListViewController.swift in Sources */,
				848FAA9F25FFEE700063368E /* ProfileDataStorable.swift in Sources */,
				848FAA8D25FF89070063368E /* GCDManager.swift in Sources */,
				84F11C8725F8EECC00D26CED /* UIColor+Colors.swift in Sources */,
				845A360525F53FCC00D9E3AA /* ThemeManagerDelegate.swift in Sources */,
				844F91C12611F5650047807C /* ConversationModel.swift in Sources */,
				845A35FA25F1609700D9E3AA /* ThemesViewController.swift in Sources */,
				846C7C81261B3B3D00224E1B /* CoreDataComplianceExtensions.swift in Sources */,
			);
			runOnlyForDeploymentPostprocessing = 0;
		};
/* End PBXSourcesBuildPhase section */

/* Begin PBXVariantGroup section */
		8477A9F625D6946F005227FC /* Profile.storyboard */ = {
			isa = PBXVariantGroup;
			children = (
				8477A9F725D6946F005227FC /* Base */,
			);
			name = Profile.storyboard;
			sourceTree = "<group>";
		};
		8477A9FB25D6946F005227FC /* LaunchScreen.storyboard */ = {
			isa = PBXVariantGroup;
			children = (
				8477A9FC25D6946F005227FC /* Base */,
			);
			name = LaunchScreen.storyboard;
			sourceTree = "<group>";
		};
/* End PBXVariantGroup section */

/* Begin XCBuildConfiguration section */
		8477A9FF25D6946F005227FC /* Debug */ = {
			isa = XCBuildConfiguration;
			buildSettings = {
				ALWAYS_SEARCH_USER_PATHS = NO;
				CLANG_ANALYZER_NONNULL = YES;
				CLANG_ANALYZER_NUMBER_OBJECT_CONVERSION = YES_AGGRESSIVE;
				CLANG_CXX_LANGUAGE_STANDARD = "gnu++14";
				CLANG_CXX_LIBRARY = "libc++";
				CLANG_ENABLE_MODULES = YES;
				CLANG_ENABLE_OBJC_ARC = YES;
				CLANG_ENABLE_OBJC_WEAK = YES;
				CLANG_WARN_BLOCK_CAPTURE_AUTORELEASING = YES;
				CLANG_WARN_BOOL_CONVERSION = YES;
				CLANG_WARN_COMMA = YES;
				CLANG_WARN_CONSTANT_CONVERSION = YES;
				CLANG_WARN_DEPRECATED_OBJC_IMPLEMENTATIONS = YES;
				CLANG_WARN_DIRECT_OBJC_ISA_USAGE = YES_ERROR;
				CLANG_WARN_DOCUMENTATION_COMMENTS = YES;
				CLANG_WARN_EMPTY_BODY = YES;
				CLANG_WARN_ENUM_CONVERSION = YES;
				CLANG_WARN_INFINITE_RECURSION = YES;
				CLANG_WARN_INT_CONVERSION = YES;
				CLANG_WARN_NON_LITERAL_NULL_CONVERSION = YES;
				CLANG_WARN_OBJC_IMPLICIT_RETAIN_SELF = YES;
				CLANG_WARN_OBJC_LITERAL_CONVERSION = YES;
				CLANG_WARN_OBJC_ROOT_CLASS = YES_ERROR;
				CLANG_WARN_QUOTED_INCLUDE_IN_FRAMEWORK_HEADER = YES;
				CLANG_WARN_RANGE_LOOP_ANALYSIS = YES;
				CLANG_WARN_STRICT_PROTOTYPES = YES;
				CLANG_WARN_SUSPICIOUS_MOVE = YES;
				CLANG_WARN_UNGUARDED_AVAILABILITY = YES_AGGRESSIVE;
				CLANG_WARN_UNREACHABLE_CODE = YES;
				CLANG_WARN__DUPLICATE_METHOD_MATCH = YES;
				COPY_PHASE_STRIP = NO;
				DEBUG_INFORMATION_FORMAT = dwarf;
				ENABLE_STRICT_OBJC_MSGSEND = YES;
				ENABLE_TESTABILITY = YES;
				GCC_C_LANGUAGE_STANDARD = gnu11;
				GCC_DYNAMIC_NO_PIC = NO;
				GCC_NO_COMMON_BLOCKS = YES;
				GCC_OPTIMIZATION_LEVEL = 0;
				GCC_PREPROCESSOR_DEFINITIONS = (
					"DEBUG=1",
					"$(inherited)",
				);
				GCC_WARN_64_TO_32_BIT_CONVERSION = YES;
				GCC_WARN_ABOUT_RETURN_TYPE = YES_ERROR;
				GCC_WARN_UNDECLARED_SELECTOR = YES;
				GCC_WARN_UNINITIALIZED_AUTOS = YES_AGGRESSIVE;
				GCC_WARN_UNUSED_FUNCTION = YES;
				GCC_WARN_UNUSED_VARIABLE = YES;
				IPHONEOS_DEPLOYMENT_TARGET = 14.4;
				MTL_ENABLE_DEBUG_INFO = INCLUDE_SOURCE;
				MTL_FAST_MATH = YES;
				ONLY_ACTIVE_ARCH = YES;
				SDKROOT = iphoneos;
				SWIFT_ACTIVE_COMPILATION_CONDITIONS = DEBUG;
				SWIFT_OPTIMIZATION_LEVEL = "-Onone";
			};
			name = Debug;
		};
		8477AA0025D6946F005227FC /* Release */ = {
			isa = XCBuildConfiguration;
			buildSettings = {
				ALWAYS_SEARCH_USER_PATHS = NO;
				CLANG_ANALYZER_NONNULL = YES;
				CLANG_ANALYZER_NUMBER_OBJECT_CONVERSION = YES_AGGRESSIVE;
				CLANG_CXX_LANGUAGE_STANDARD = "gnu++14";
				CLANG_CXX_LIBRARY = "libc++";
				CLANG_ENABLE_MODULES = YES;
				CLANG_ENABLE_OBJC_ARC = YES;
				CLANG_ENABLE_OBJC_WEAK = YES;
				CLANG_WARN_BLOCK_CAPTURE_AUTORELEASING = YES;
				CLANG_WARN_BOOL_CONVERSION = YES;
				CLANG_WARN_COMMA = YES;
				CLANG_WARN_CONSTANT_CONVERSION = YES;
				CLANG_WARN_DEPRECATED_OBJC_IMPLEMENTATIONS = YES;
				CLANG_WARN_DIRECT_OBJC_ISA_USAGE = YES_ERROR;
				CLANG_WARN_DOCUMENTATION_COMMENTS = YES;
				CLANG_WARN_EMPTY_BODY = YES;
				CLANG_WARN_ENUM_CONVERSION = YES;
				CLANG_WARN_INFINITE_RECURSION = YES;
				CLANG_WARN_INT_CONVERSION = YES;
				CLANG_WARN_NON_LITERAL_NULL_CONVERSION = YES;
				CLANG_WARN_OBJC_IMPLICIT_RETAIN_SELF = YES;
				CLANG_WARN_OBJC_LITERAL_CONVERSION = YES;
				CLANG_WARN_OBJC_ROOT_CLASS = YES_ERROR;
				CLANG_WARN_QUOTED_INCLUDE_IN_FRAMEWORK_HEADER = YES;
				CLANG_WARN_RANGE_LOOP_ANALYSIS = YES;
				CLANG_WARN_STRICT_PROTOTYPES = YES;
				CLANG_WARN_SUSPICIOUS_MOVE = YES;
				CLANG_WARN_UNGUARDED_AVAILABILITY = YES_AGGRESSIVE;
				CLANG_WARN_UNREACHABLE_CODE = YES;
				CLANG_WARN__DUPLICATE_METHOD_MATCH = YES;
				COPY_PHASE_STRIP = NO;
				DEBUG_INFORMATION_FORMAT = "dwarf-with-dsym";
				ENABLE_NS_ASSERTIONS = NO;
				ENABLE_STRICT_OBJC_MSGSEND = YES;
				GCC_C_LANGUAGE_STANDARD = gnu11;
				GCC_NO_COMMON_BLOCKS = YES;
				GCC_WARN_64_TO_32_BIT_CONVERSION = YES;
				GCC_WARN_ABOUT_RETURN_TYPE = YES_ERROR;
				GCC_WARN_UNDECLARED_SELECTOR = YES;
				GCC_WARN_UNINITIALIZED_AUTOS = YES_AGGRESSIVE;
				GCC_WARN_UNUSED_FUNCTION = YES;
				GCC_WARN_UNUSED_VARIABLE = YES;
				IPHONEOS_DEPLOYMENT_TARGET = 14.4;
				MTL_ENABLE_DEBUG_INFO = NO;
				MTL_FAST_MATH = YES;
				SDKROOT = iphoneos;
				SWIFT_COMPILATION_MODE = wholemodule;
				SWIFT_OPTIMIZATION_LEVEL = "-O";
				VALIDATE_PRODUCT = YES;
			};
			name = Release;
		};
		8477AA0225D6946F005227FC /* Debug */ = {
			isa = XCBuildConfiguration;
			baseConfigurationReference = B805B6233A8722CE12D12AEB /* Pods-Messenger.debug.xcconfig */;
			buildSettings = {
				ASSETCATALOG_COMPILER_APPICON_NAME = AppIcon;
				ASSETCATALOG_COMPILER_GLOBAL_ACCENT_COLOR_NAME = AccentColor;
				CODE_SIGN_STYLE = Automatic;
				DEVELOPMENT_TEAM = 6QV4CJJ5C7;
				INFOPLIST_FILE = Messenger/Info.plist;
				IPHONEOS_DEPLOYMENT_TARGET = 12.1;
				LD_RUNPATH_SEARCH_PATHS = (
					"$(inherited)",
					"@executable_path/Frameworks",
				);
				PRODUCT_BUNDLE_IDENTIFIER = belotserkovtsev.ru.Messenger;
				PRODUCT_NAME = "$(TARGET_NAME)";
				SWIFT_VERSION = 5.0;
				TARGETED_DEVICE_FAMILY = 1;
			};
			name = Debug;
		};
		8477AA0325D6946F005227FC /* Release */ = {
			isa = XCBuildConfiguration;
			baseConfigurationReference = 2809E3B92AE84DDCB9B81138 /* Pods-Messenger.release.xcconfig */;
			buildSettings = {
				ASSETCATALOG_COMPILER_APPICON_NAME = AppIcon;
				ASSETCATALOG_COMPILER_GLOBAL_ACCENT_COLOR_NAME = AccentColor;
				CODE_SIGN_STYLE = Automatic;
				DEVELOPMENT_TEAM = 6QV4CJJ5C7;
				INFOPLIST_FILE = Messenger/Info.plist;
				IPHONEOS_DEPLOYMENT_TARGET = 12.1;
				LD_RUNPATH_SEARCH_PATHS = (
					"$(inherited)",
					"@executable_path/Frameworks",
				);
				PRODUCT_BUNDLE_IDENTIFIER = belotserkovtsev.ru.Messenger;
				PRODUCT_NAME = "$(TARGET_NAME)";
				SWIFT_VERSION = 5.0;
				TARGETED_DEVICE_FAMILY = 1;
			};
			name = Release;
		};
/* End XCBuildConfiguration section */

/* Begin XCConfigurationList section */
		8477A9E825D6946F005227FC /* Build configuration list for PBXProject "Messenger" */ = {
			isa = XCConfigurationList;
			buildConfigurations = (
				8477A9FF25D6946F005227FC /* Debug */,
				8477AA0025D6946F005227FC /* Release */,
			);
			defaultConfigurationIsVisible = 0;
			defaultConfigurationName = Release;
		};
		8477AA0125D6946F005227FC /* Build configuration list for PBXNativeTarget "Messenger" */ = {
			isa = XCConfigurationList;
			buildConfigurations = (
				8477AA0225D6946F005227FC /* Debug */,
				8477AA0325D6946F005227FC /* Release */,
			);
			defaultConfigurationIsVisible = 0;
			defaultConfigurationName = Release;
		};
/* End XCConfigurationList section */

/* Begin XCVersionGroup section */
		844F91C32611FC170047807C /* Chat.xcdatamodeld */ = {
			isa = XCVersionGroup;
			children = (
				844F91C42611FC170047807C /* Chat.xcdatamodel */,
			);
			currentVersion = 844F91C42611FC170047807C /* Chat.xcdatamodel */;
			path = Chat.xcdatamodeld;
			sourceTree = "<group>";
			versionGroupType = wrapper.xcdatamodel;
		};
/* End XCVersionGroup section */
	};
	rootObject = 8477A9E525D6946E005227FC /* Project object */;
}
